// !$*UTF8*$!
{
	archiveVersion = 1;
	classes = {
	};
	objectVersion = 46;
	objects = {

/* Begin PBXAggregateTarget section */
		509152CE33478331E8BBBB2F /* All */ = {
			isa = PBXAggregateTarget;
			buildConfigurationList = A335EE58C5075711C0582E6F /* Build configuration list for PBXAggregateTarget "All" */;
			buildPhases = (
			);
			dependencies = (
				FBAD4EE73161FE8CCCC2E7F1 /* PBXTargetDependency */,
				1C0A5BA046F3F2FD48121404 /* PBXTargetDependency */,
				FC9B03046404104D1D56CDEA /* PBXTargetDependency */,
			);
			name = All;
			productName = All;
		};
/* End PBXAggregateTarget section */

/* Begin PBXBuildFile section */
		1465507D28AC3B4438BE0EA7 /* DJIError.mm in Sources */ = {isa = PBXBuildFile; fileRef = AA4A5F2B5DA9526CE98EAA1F /* DJIError.mm */; };
		4C19D073ED4917A20A86AC4C /* DJIProxyCaches.mm in Sources */ = {isa = PBXBuildFile; fileRef = 9D7661E0B4E11C97EB08AD6B /* DJIProxyCaches.mm */; };
		5122F3CB62FA80BC8012A544 /* djinni_main.cpp in Sources */ = {isa = PBXBuildFile; fileRef = 2D7F654544F3D282E7E78754 /* djinni_main.cpp */; };
		B0371E890072F0862827C018 /* djinni_support.cpp in Sources */ = {isa = PBXBuildFile; fileRef = 2B3D1EE88C5B7125B011AF85 /* djinni_support.cpp */; };
/* End PBXBuildFile section */

/* Begin PBXContainerItemProxy section */
		8390C9AB91DAD83BF026D7CF /* PBXContainerItemProxy */ = {
			isa = PBXContainerItemProxy;
			containerPortal = A4B7A40904D229CF429DB21C /* Project object */;
			proxyType = 1;
			remoteGlobalIDString = D8395115E9C30FE491C2AC03;
			remoteInfo = djinni_objc;
		};
		A42A452A667CF2ECE2A402E3 /* PBXContainerItemProxy */ = {
			isa = PBXContainerItemProxy;
			containerPortal = A4B7A40904D229CF429DB21C /* Project object */;
			proxyType = 1;
			remoteGlobalIDString = 7EF0E0D9D5B4774819A3F52C;
			remoteInfo = djinni_jni_main;
		};
		E20CA1888435F9D60184DD21 /* PBXContainerItemProxy */ = {
			isa = PBXContainerItemProxy;
			containerPortal = A4B7A40904D229CF429DB21C /* Project object */;
			proxyType = 1;
			remoteGlobalIDString = AD97C5F2356EF26110758A40;
			remoteInfo = djinni_jni;
		};
/* End PBXContainerItemProxy section */

/* Begin PBXFileReference section */
		0C99AA4F95316AA552A79C55 /* libdjinni_objc.a */ = {isa = PBXFileReference; explicitFileType = archive.ar; includeInIndex = 0; path = libdjinni_objc.a; sourceTree = BUILT_PRODUCTS_DIR; };
		231EDA826E7FF219E5DBB49A /* DJIMarshal+Private.h */ = {isa = PBXFileReference; lastKnownFileType = sourcecode.c.h; path = "DJIMarshal+Private.h"; sourceTree = "<group>"; };
		2B3D1EE88C5B7125B011AF85 /* djinni_support.cpp */ = {isa = PBXFileReference; lastKnownFileType = sourcecode.cpp.cpp; path = djinni_support.cpp; sourceTree = "<group>"; };
		2D7F654544F3D282E7E78754 /* djinni_main.cpp */ = {isa = PBXFileReference; lastKnownFileType = sourcecode.cpp.cpp; path = djinni_main.cpp; sourceTree = "<group>"; };
		397A54B09BAAE8A8099375C1 /* djinni_support.hpp */ = {isa = PBXFileReference; lastKnownFileType = text; path = djinni_support.hpp; sourceTree = "<group>"; };
		513575C986B18A6779586498 /* DJIObjcWrapperCache+Private.h */ = {isa = PBXFileReference; lastKnownFileType = sourcecode.c.h; path = "DJIObjcWrapperCache+Private.h"; sourceTree = "<group>"; };
		6DA7FB71EA3788684CB4802D /* DJIError.h */ = {isa = PBXFileReference; lastKnownFileType = sourcecode.c.h; path = DJIError.h; sourceTree = "<group>"; };
		714AD6FEC1228A45AF87154F /* proxy_cache_impl.hpp */ = {isa = PBXFileReference; lastKnownFileType = text; path = proxy_cache_impl.hpp; sourceTree = "<group>"; };
		822DF8C93ACCBB4C2A0B4484 /* support_lib.gyp */ = {isa = PBXFileReference; explicitFileType = sourcecode; path = support_lib.gyp; sourceTree = "<group>"; };
		830C2426AC54ADA0794D7413 /* libdjinni_jni_main.a */ = {isa = PBXFileReference; explicitFileType = archive.ar; includeInIndex = 0; path = libdjinni_jni_main.a; sourceTree = BUILT_PRODUCTS_DIR; };
		91E765E2E8529A2F289E1290 /* DJICppWrapperCache+Private.h */ = {isa = PBXFileReference; lastKnownFileType = sourcecode.c.h; path = "DJICppWrapperCache+Private.h"; sourceTree = "<group>"; };
		9C34C68EF2E307D02DE07C86 /* djinni_common.hpp */ = {isa = PBXFileReference; lastKnownFileType = text; path = djinni_common.hpp; sourceTree = "<group>"; };
		9D7661E0B4E11C97EB08AD6B /* DJIProxyCaches.mm */ = {isa = PBXFileReference; lastKnownFileType = sourcecode.cpp.objcpp; path = DJIProxyCaches.mm; sourceTree = "<group>"; };
		A4350A127B83DBCA1FD32E1E /* Marshal.hpp */ = {isa = PBXFileReference; lastKnownFileType = text; path = Marshal.hpp; sourceTree = "<group>"; };
		A76054AB1F1A10122531B737 /* proxy_cache_interface.hpp */ = {isa = PBXFileReference; lastKnownFileType = text; path = proxy_cache_interface.hpp; sourceTree = "<group>"; };
		AA4A5F2B5DA9526CE98EAA1F /* DJIError.mm */ = {isa = PBXFileReference; lastKnownFileType = sourcecode.cpp.objcpp; path = DJIError.mm; sourceTree = "<group>"; };
		DC658C749F521B13A5BDCBBC /* libdjinni_jni.a */ = {isa = PBXFileReference; explicitFileType = archive.ar; includeInIndex = 0; path = libdjinni_jni.a; sourceTree = BUILT_PRODUCTS_DIR; };
/* End PBXFileReference section */

/* Begin PBXFrameworksBuildPhase section */
		673046BDC6C7E8B57A6D6F6B /* Frameworks */ = {
			isa = PBXFrameworksBuildPhase;
			buildActionMask = 2147483647;
			files = (
			);
			runOnlyForDeploymentPostprocessing = 0;
		};
		B4D72F92994F77A3F4E1347F /* Frameworks */ = {
			isa = PBXFrameworksBuildPhase;
			buildActionMask = 2147483647;
			files = (
			);
			runOnlyForDeploymentPostprocessing = 0;
		};
		BAB657D5472FA61AE4FC6A22 /* Frameworks */ = {
			isa = PBXFrameworksBuildPhase;
			buildActionMask = 2147483647;
			files = (
			);
			runOnlyForDeploymentPostprocessing = 0;
		};
/* End PBXFrameworksBuildPhase section */

/* Begin PBXGroup section */
		0FFDE03E1D942ADADB44E055 = {
			isa = PBXGroup;
			children = (
				FD686FA7781BDB7E9ECA8E65 /* Source */,
				5C782EE1B61E19F9543C2682 /* Products */,
				47AD33F374FA57F7297286FF /* Build */,
			);
			sourceTree = "<group>";
		};
		47AD33F374FA57F7297286FF /* Build */ = {
			isa = PBXGroup;
			children = (
				822DF8C93ACCBB4C2A0B4484 /* support_lib.gyp */,
			);
			name = Build;
			sourceTree = "<group>";
		};
		4E404F4F2438A74D74EA8795 /* jni */ = {
			isa = PBXGroup;
			children = (
				A4350A127B83DBCA1FD32E1E /* Marshal.hpp */,
				2D7F654544F3D282E7E78754 /* djinni_main.cpp */,
				2B3D1EE88C5B7125B011AF85 /* djinni_support.cpp */,
				397A54B09BAAE8A8099375C1 /* djinni_support.hpp */,
			);
			path = jni;
			sourceTree = "<group>";
		};
		5C782EE1B61E19F9543C2682 /* Products */ = {
			isa = PBXGroup;
			children = (
				DC658C749F521B13A5BDCBBC /* libdjinni_jni.a */,
				830C2426AC54ADA0794D7413 /* libdjinni_jni_main.a */,
				0C99AA4F95316AA552A79C55 /* libdjinni_objc.a */,
			);
			name = Products;
			sourceTree = "<group>";
		};
		DCF165FF1A6736E4F7408091 /* objc */ = {
			isa = PBXGroup;
			children = (
				91E765E2E8529A2F289E1290 /* DJICppWrapperCache+Private.h */,
				6DA7FB71EA3788684CB4802D /* DJIError.h */,
				AA4A5F2B5DA9526CE98EAA1F /* DJIError.mm */,
				231EDA826E7FF219E5DBB49A /* DJIMarshal+Private.h */,
				513575C986B18A6779586498 /* DJIObjcWrapperCache+Private.h */,
				9D7661E0B4E11C97EB08AD6B /* DJIProxyCaches.mm */,
			);
			path = objc;
			sourceTree = "<group>";
		};
		FD686FA7781BDB7E9ECA8E65 /* Source */ = {
			isa = PBXGroup;
			children = (
				4E404F4F2438A74D74EA8795 /* jni */,
				DCF165FF1A6736E4F7408091 /* objc */,
				9C34C68EF2E307D02DE07C86 /* djinni_common.hpp */,
				714AD6FEC1228A45AF87154F /* proxy_cache_impl.hpp */,
				A76054AB1F1A10122531B737 /* proxy_cache_interface.hpp */,
			);
			name = Source;
			sourceTree = "<group>";
		};
/* End PBXGroup section */

/* Begin PBXNativeTarget section */
		7EF0E0D9D5B4774819A3F52C /* djinni_jni_main */ = {
			isa = PBXNativeTarget;
			buildConfigurationList = F5F3CCFC7E3E8B23DAC14B28 /* Build configuration list for PBXNativeTarget "djinni_jni_main" */;
			buildPhases = (
				085A0271FA886444D8EF6B5A /* Sources */,
				BAB657D5472FA61AE4FC6A22 /* Frameworks */,
			);
			buildRules = (
			);
			dependencies = (
			);
			name = djinni_jni_main;
			productName = djinni_jni_main;
			productReference = 830C2426AC54ADA0794D7413 /* libdjinni_jni_main.a */;
			productType = "com.apple.product-type.library.static";
		};
		AD97C5F2356EF26110758A40 /* djinni_jni */ = {
			isa = PBXNativeTarget;
			buildConfigurationList = 5758EBB3093B6A8771F9BC79 /* Build configuration list for PBXNativeTarget "djinni_jni" */;
			buildPhases = (
				1AC64A5EC523A5F86E4A1F2D /* Sources */,
				B4D72F92994F77A3F4E1347F /* Frameworks */,
			);
			buildRules = (
			);
			dependencies = (
			);
			name = djinni_jni;
			productName = djinni_jni;
			productReference = DC658C749F521B13A5BDCBBC /* libdjinni_jni.a */;
			productType = "com.apple.product-type.library.static";
		};
		D8395115E9C30FE491C2AC03 /* djinni_objc */ = {
			isa = PBXNativeTarget;
			buildConfigurationList = 29C716245A711FBFBE2793A2 /* Build configuration list for PBXNativeTarget "djinni_objc" */;
			buildPhases = (
				658AB20D7350CE582D50D66E /* Sources */,
				673046BDC6C7E8B57A6D6F6B /* Frameworks */,
			);
			buildRules = (
			);
			dependencies = (
			);
			name = djinni_objc;
			productName = djinni_objc;
			productReference = 0C99AA4F95316AA552A79C55 /* libdjinni_objc.a */;
			productType = "com.apple.product-type.library.static";
		};
/* End PBXNativeTarget section */

/* Begin PBXProject section */
		A4B7A40904D229CF429DB21C /* Project object */ = {
			isa = PBXProject;
			attributes = {
				BuildIndependentTargetsInParallel = YES;
			};
			buildConfigurationList = 08984CD2B82F63EF40B009D4 /* Build configuration list for PBXProject "support_lib" */;
			compatibilityVersion = "Xcode 3.2";
			hasScannedForEncodings = 1;
			mainGroup = 0FFDE03E1D942ADADB44E055;
			projectDirPath = "../../../djinni/support-lib";
			projectRoot = "";
			targets = (
				509152CE33478331E8BBBB2F /* All */,
				AD97C5F2356EF26110758A40 /* djinni_jni */,
				7EF0E0D9D5B4774819A3F52C /* djinni_jni_main */,
				D8395115E9C30FE491C2AC03 /* djinni_objc */,
			);
		};
/* End PBXProject section */

/* Begin PBXSourcesBuildPhase section */
		085A0271FA886444D8EF6B5A /* Sources */ = {
			isa = PBXSourcesBuildPhase;
			buildActionMask = 2147483647;
			files = (
				5122F3CB62FA80BC8012A544 /* djinni_main.cpp in Sources */,
			);
			runOnlyForDeploymentPostprocessing = 0;
		};
		1AC64A5EC523A5F86E4A1F2D /* Sources */ = {
			isa = PBXSourcesBuildPhase;
			buildActionMask = 2147483647;
			files = (
				B0371E890072F0862827C018 /* djinni_support.cpp in Sources */,
			);
			runOnlyForDeploymentPostprocessing = 0;
		};
		658AB20D7350CE582D50D66E /* Sources */ = {
			isa = PBXSourcesBuildPhase;
			buildActionMask = 2147483647;
			files = (
				1465507D28AC3B4438BE0EA7 /* DJIError.mm in Sources */,
				4C19D073ED4917A20A86AC4C /* DJIProxyCaches.mm in Sources */,
			);
			runOnlyForDeploymentPostprocessing = 0;
		};
/* End PBXSourcesBuildPhase section */

/* Begin PBXTargetDependency section */
		1C0A5BA046F3F2FD48121404 /* PBXTargetDependency */ = {
			isa = PBXTargetDependency;
			target = 7EF0E0D9D5B4774819A3F52C /* djinni_jni_main */;
			targetProxy = A42A452A667CF2ECE2A402E3 /* PBXContainerItemProxy */;
		};
		FBAD4EE73161FE8CCCC2E7F1 /* PBXTargetDependency */ = {
			isa = PBXTargetDependency;
			target = AD97C5F2356EF26110758A40 /* djinni_jni */;
			targetProxy = E20CA1888435F9D60184DD21 /* PBXContainerItemProxy */;
		};
		FC9B03046404104D1D56CDEA /* PBXTargetDependency */ = {
			isa = PBXTargetDependency;
			target = D8395115E9C30FE491C2AC03 /* djinni_objc */;
			targetProxy = 8390C9AB91DAD83BF026D7CF /* PBXContainerItemProxy */;
		};
/* End PBXTargetDependency section */

/* Begin XCBuildConfiguration section */
		022DE6AA56C600F2B7A35971 /* Default */ = {
			isa = XCBuildConfiguration;
			buildSettings = {
				INTERMEDIATE_DIR = "$(PROJECT_DERIVED_FILE_DIR)/$(CONFIGURATION)";
				SHARED_INTERMEDIATE_DIR = "$(SYMROOT)/DerivedSources/$(CONFIGURATION)";
			};
			name = Default;
		};
		1B7CD6D18CB10DB499315735 /* Default */ = {
			isa = XCBuildConfiguration;
			buildSettings = {
				EXECUTABLE_PREFIX = lib;
				PRODUCT_NAME = djinni_jni_main;
			};
			name = Default;
		};
		4DB92D64806AC7F9FFA62034 /* Default */ = {
			isa = XCBuildConfiguration;
			buildSettings = {
				EXECUTABLE_PREFIX = lib;
				HEADER_SEARCH_PATHS = jni;
				PRODUCT_NAME = djinni_jni;
			};
			name = Default;
		};
		511AAF1F84B3138383482D07 /* Default */ = {
			isa = XCBuildConfiguration;
			buildSettings = {
				CLANG_ENABLE_OBJC_ARC = YES;
				EXECUTABLE_PREFIX = lib;
				HEADER_SEARCH_PATHS = objc;
				PRODUCT_NAME = djinni_objc;
			};
			name = Default;
		};
		F089C482AFF4430568E2ACC5 /* Default */ = {
			isa = XCBuildConfiguration;
			buildSettings = {
				PRODUCT_NAME = All;
			};
			name = Default;
		};
/* End XCBuildConfiguration section */

/* Begin XCConfigurationList section */
		08984CD2B82F63EF40B009D4 /* Build configuration list for PBXProject "support_lib" */ = {
			isa = XCConfigurationList;
			buildConfigurations = (
				022DE6AA56C600F2B7A35971 /* Default */,
			);
			defaultConfigurationIsVisible = 1;
			defaultConfigurationName = Default;
		};
		29C716245A711FBFBE2793A2 /* Build configuration list for PBXNativeTarget "djinni_objc" */ = {
			isa = XCConfigurationList;
			buildConfigurations = (
				511AAF1F84B3138383482D07 /* Default */,
			);
			defaultConfigurationIsVisible = 1;
			defaultConfigurationName = Default;
		};
		5758EBB3093B6A8771F9BC79 /* Build configuration list for PBXNativeTarget "djinni_jni" */ = {
			isa = XCConfigurationList;
			buildConfigurations = (
				4DB92D64806AC7F9FFA62034 /* Default */,
			);
			defaultConfigurationIsVisible = 1;
			defaultConfigurationName = Default;
		};
		A335EE58C5075711C0582E6F /* Build configuration list for PBXAggregateTarget "All" */ = {
			isa = XCConfigurationList;
			buildConfigurations = (
				F089C482AFF4430568E2ACC5 /* Default */,
			);
			defaultConfigurationIsVisible = 1;
			defaultConfigurationName = Default;
		};
		F5F3CCFC7E3E8B23DAC14B28 /* Build configuration list for PBXNativeTarget "djinni_jni_main" */ = {
			isa = XCConfigurationList;
			buildConfigurations = (
				1B7CD6D18CB10DB499315735 /* Default */,
			);
			defaultConfigurationIsVisible = 1;
			defaultConfigurationName = Default;
		};
/* End XCConfigurationList section */
	};
	rootObject = A4B7A40904D229CF429DB21C /* Project object */;
}
