// !$*UTF8*$!
{
	archiveVersion = 1;
	classes = {
	};
	objectVersion = 46;
	objects = {

/* Begin PBXBuildFile section */
		01AD582388227A59DA01D896 /* LGAccountCallbackImpl.m in Sources */ = {isa = PBXBuildFile; fileRef = DB199E90A942BFD02A3F63EE /* LGAccountCallbackImpl.m */; };
		021B987F20F34CDACA84723F /* LGWalletPoolCallbackImpl.m in Sources */ = {isa = PBXBuildFile; fileRef = 395E0A5F8AE7670761D6E688 /* LGWalletPoolCallbackImpl.m */; };
		027CBDBA8E2BE8084C24F9F4 /* LGHttpUrlConnectionImpl.m in Sources */ = {isa = PBXBuildFile; fileRef = 822F951A4A81BE8BB968E2E6 /* LGHttpUrlConnectionImpl.m */; };
		02C242FA989A8CC1C3C50ABB /* LGAccount.mm in Sources */ = {isa = PBXBuildFile; fileRef = 06AEFC2548B606B0CD638FA5 /* LGAccount.mm */; };
		04F40E24B7BBE3B0CF92EE6D /* LGWalletCallbackImpl.m in Sources */ = {isa = PBXBuildFile; fileRef = C2F02D839B200355899C16FA /* LGWalletCallbackImpl.m */; };
		08982C3A64C9A45317A64794 /* LGGetEthreumLikeWalletCallbackImpl.m in Sources */ = {isa = PBXBuildFile; fileRef = FA33E13B6F51A64E38E7A8CF /* LGGetEthreumLikeWalletCallbackImpl.m */; };
		0D23016B9CBA6AB71BAFEEA1 /* LGBitcoinLikeNetworkParameters.mm in Sources */ = {isa = PBXBuildFile; fileRef = 1FDC25E7A5CEFAC7A94A424E /* LGBitcoinLikeNetworkParameters.mm */; };
		147CC058D1DF7AB87A637FA8 /* LGRandomNumberGeneratorImpl.m in Sources */ = {isa = PBXBuildFile; fileRef = AABFF9F53FA94132F23C06D6 /* LGRandomNumberGeneratorImpl.m */; };
		166B9A153F62B243AAA71887 /* LGBlockchainExplorerEngines.mm in Sources */ = {isa = PBXBuildFile; fileRef = BE561D2A64B04F94B6188469 /* LGBlockchainExplorerEngines.mm */; };
		1C9981FC3CD018B15EDD40FB /* LGHttpReadBodyResult.mm in Sources */ = {isa = PBXBuildFile; fileRef = 5D7C6F3B46723E0C7186F5ED /* LGHttpReadBodyResult.mm */; };
		1EF676C8AE987F55E05A37A0 /* LGEthereumPublicKeyProviderImpl.m in Sources */ = {isa = PBXBuildFile; fileRef = 3209230F9E3C55E47E9096AE /* LGEthereumPublicKeyProviderImpl.m */; };
		262D3D4AF40EE7B21BD07830 /* LGCurrencyListCallbackImpl.m in Sources */ = {isa = PBXBuildFile; fileRef = 463C8F157824BAE980B31BB6 /* LGCurrencyListCallbackImpl.m */; };
		27D09DD4E4A9F20870508826 /* LGPathResolverImpl.m in Sources */ = {isa = PBXBuildFile; fileRef = 1518229206A81491CFEC8A43 /* LGPathResolverImpl.m */; };
		2B36C01722751329C0D483E5 /* LGEventReceiverImpl.m in Sources */ = {isa = PBXBuildFile; fileRef = 0A7F2083717FDB1F2BA5BEA0 /* LGEventReceiverImpl.m */; };
		2D8A0823766249BA9B161FB2 /* LGBlockchainObserverEngines.mm in Sources */ = {isa = PBXBuildFile; fileRef = 3D1260F287C31000AA38F325 /* LGBlockchainObserverEngines.mm */; };
		302C1AFE1FBF0AB53571B03F /* LGKeychainEngines.mm in Sources */ = {isa = PBXBuildFile; fileRef = 547D534C9A409F9BBBB6635F /* LGKeychainEngines.mm */; };
		315DB6857F1E52F685E437F1 /* LGBitcoinLikePreparedTransactionCallbackImpl.m in Sources */ = {isa = PBXBuildFile; fileRef = 3A89B78AD815E62F42EDC47F /* LGBitcoinLikePreparedTransactionCallbackImpl.m */; };
		35721F03B86AC49A14826E0D /* LGAccountCreationInfoCallbackImpl.m in Sources */ = {isa = PBXBuildFile; fileRef = 6604BA261AAFCC01E0FE3263 /* LGAccountCreationInfoCallbackImpl.m */; };
		37EB14B0B634F9F6A29750DA /* LGExtendedKeyAccountCreationInfo.mm in Sources */ = {isa = PBXBuildFile; fileRef = AFB6DCA6DABF57C9B9E6447F /* LGExtendedKeyAccountCreationInfo.mm */; };
		3AEB38E32CA525A283B87CF9 /* LGThreadDispatcherImpl.m in Sources */ = {isa = PBXBuildFile; fileRef = BA5BF2F70D79E7D8C5F8859A /* LGThreadDispatcherImpl.m */; };
		3E44EA5F15AAAA05188F52B4 /* LGSynchronizationStatus.mm in Sources */ = {isa = PBXBuildFile; fileRef = B0D05BB0CA9CA50BFF4A185B /* LGSynchronizationStatus.mm */; };
		430AECF6524FF99E420C2C79 /* LGHashAlgorithmHelperImpl.m in Sources */ = {isa = PBXBuildFile; fileRef = 792C96D68D35C566E525E7C5 /* LGHashAlgorithmHelperImpl.m */; };
		4390B31CD0C6F7CCE526ECB3 /* LGHttpClientImpl.m in Sources */ = {isa = PBXBuildFile; fileRef = 787CF57EE19551E97AEB7620 /* LGHttpClientImpl.m */; };
		4B966B18017F1473A9821177 /* LGConfigurationDefaults.mm in Sources */ = {isa = PBXBuildFile; fileRef = B92B282A818BC031C621CD23 /* LGConfigurationDefaults.mm */; };
		4E03E65D38C27D3567553816 /* LGCurrencyCallbackImpl.m in Sources */ = {isa = PBXBuildFile; fileRef = 36FF425AF84B5E6BD891FB88 /* LGCurrencyCallbackImpl.m */; };
		4E0C71C0DA799B6223DCFDAC /* LGPoolConfiguration.mm in Sources */ = {isa = PBXBuildFile; fileRef = 6817A1B06BBC2597FDF2DC30 /* LGPoolConfiguration.mm */; };
		54DB2FC54C9A7AAFB4DFD847 /* LGFormatRules.mm in Sources */ = {isa = PBXBuildFile; fileRef = 075D6D0086E8AF621727E4E9 /* LGFormatRules.mm */; };
		5B9F2F7EAE169816F8D08544 /* libledger-core.dylib in Frameworks */ = {isa = PBXBuildFile; fileRef = 60F8A2AF82273F724B773049 /* libledger-core.dylib */; };
		5D9CAD34A20D394B6A659B3D /* LGError.mm in Sources */ = {isa = PBXBuildFile; fileRef = DBF941500ECC8C7E21D6C134 /* LGError.mm */; };
		72598C1BD204C80FF077ABBA /* LGBitcoinLikeWalletConfiguration.mm in Sources */ = {isa = PBXBuildFile; fileRef = 8B9FB49E966E3DF6CEF98C02 /* LGBitcoinLikeWalletConfiguration.mm */; };
		75E21A22B68330390C0B638A /* LGBitcoinLikeTransactionRequestCallbackImpl.m in Sources */ = {isa = PBXBuildFile; fileRef = 4B92DE0156412B9C9EC9C337 /* LGBitcoinLikeTransactionRequestCallbackImpl.m */; };
		7BC556DCB2CFF9A25FB176B9 /* LGSynchronizationEngines.mm in Sources */ = {isa = PBXBuildFile; fileRef = F684E4D0B53D8DE7CA055F6D /* LGSynchronizationEngines.mm */; };
		8533CC4A9FF7F6C46E6AF061 /* LGBitcoinLikeTransactionRequest.mm in Sources */ = {isa = PBXBuildFile; fileRef = 49E11CEB04CD819D0C6A2BCF /* LGBitcoinLikeTransactionRequest.mm */; };
		87B882285B5F879448EB406C /* LGWalletListCallbackImpl.m in Sources */ = {isa = PBXBuildFile; fileRef = DCDEF345B0F525643FE9A858 /* LGWalletListCallbackImpl.m */; };
		921A0EAB3198572C45E85F84 /* LGI32CallbackImpl.m in Sources */ = {isa = PBXBuildFile; fileRef = A3D971CFECF783DEE68D714C /* LGI32CallbackImpl.m */; };
		92F9EA8FB6D59B417F2460B4 /* LGExtendedKeyAccountCreationInfoCallbackImpl.m in Sources */ = {isa = PBXBuildFile; fileRef = F5937891D361A9ECC6D434B9 /* LGExtendedKeyAccountCreationInfoCallbackImpl.m */; };
		999709AB5596034F74DF0A8B /* LGOperationListCallbackImpl.m in Sources */ = {isa = PBXBuildFile; fileRef = 2F35C9AEB320C504F41BBCE3 /* LGOperationListCallbackImpl.m */; };
		AF40FA544C1A22D2AFE191D2 /* LGSynchronizerEngines.mm in Sources */ = {isa = PBXBuildFile; fileRef = 9CDCFB13D2D2585117FFAAD1 /* LGSynchronizerEngines.mm */; };
		B07CABB044D91D8EC429E7D6 /* LGWebSocketClientImpl.m in Sources */ = {isa = PBXBuildFile; fileRef = EE496D4DC977BAA62F25A0F0 /* LGWebSocketClientImpl.m */; };
		B6B85F59516F8F8DA66439BC /* LGBitcoinLikeOutputListCallbackImpl.m in Sources */ = {isa = PBXBuildFile; fileRef = CE3400E76777FB9B607C6931 /* LGBitcoinLikeOutputListCallbackImpl.m */; };
		BF25D0E5AEDD1178211CD2C3 /* LGLocale.mm in Sources */ = {isa = PBXBuildFile; fileRef = 881057132972137D6418E896 /* LGLocale.mm */; };
		C26F355AA6DFB565994CAF4A /* LGBitcoinLikePreparedTransaction.mm in Sources */ = {isa = PBXBuildFile; fileRef = 8B7995C96CB1C0B7F057D405 /* LGBitcoinLikePreparedTransaction.mm */; };
		CB3E1C09BC1582BD8E80C91D /* LGConfiguration.mm in Sources */ = {isa = PBXBuildFile; fileRef = C1C80B116D4799DF1C7B2362 /* LGConfiguration.mm */; };
		D056BEEB158B296F2087BE37 /* LGAccountListCallbackImpl.m in Sources */ = {isa = PBXBuildFile; fileRef = E6CD88196E71AE6C127BF0D3 /* LGAccountListCallbackImpl.m */; };
		DA40FF37571C60041B1EA489 /* LGCurrency.mm in Sources */ = {isa = PBXBuildFile; fileRef = C7DAC0568CFEA45D39A59547 /* LGCurrency.mm */; };
		DC8BE053EF4F0D1E8D02E309 /* LGExecutionContextImpl.m in Sources */ = {isa = PBXBuildFile; fileRef = 48AF8359DB4575D5BB09EAAD /* LGExecutionContextImpl.m */; };
		E3879CACEC74A8218FA8C090 /* LGStringCallbackImpl.m in Sources */ = {isa = PBXBuildFile; fileRef = 0BFC981A0874D19A650A1F20 /* LGStringCallbackImpl.m */; };
		E3B71EA8960CB8F1157064E8 /* LGLogPrinterImpl.m in Sources */ = {isa = PBXBuildFile; fileRef = 0E9609D854D94885A1C3F0ED /* LGLogPrinterImpl.m */; };
		E8011770E24C6910A525DFDD /* LGCurrencyUnit.mm in Sources */ = {isa = PBXBuildFile; fileRef = 9F1F23A2D34B6BCE9AB63326 /* LGCurrencyUnit.mm */; };
		E8D972102270DF59ED9FCB02 /* LGBlockCallbackImpl.m in Sources */ = {isa = PBXBuildFile; fileRef = 6EB5007AAAF3486B6D2B860F /* LGBlockCallbackImpl.m */; };
		EF232D7795BA6A897487D277 /* LGAccountCreationInfo.mm in Sources */ = {isa = PBXBuildFile; fileRef = D55F6628FCB7C2FB1FA3C6EA /* LGAccountCreationInfo.mm */; };
		EF65B5907A8EC3F69493589A /* LGBlock.mm in Sources */ = {isa = PBXBuildFile; fileRef = 4517A03AB9B53BC40C56559D /* LGBlock.mm */; };
		F427B68661C3F0813746757F /* LGAmountCallbackImpl.m in Sources */ = {isa = PBXBuildFile; fileRef = CE8DEB590C6AF228C486AD2A /* LGAmountCallbackImpl.m */; };
		F7EFBE513E74CC607677CFC3 /* LGLockImpl.m in Sources */ = {isa = PBXBuildFile; fileRef = 4A531B60974125F333B6F1B3 /* LGLockImpl.m */; };
		F91199B385E97CECB30AE0D4 /* LGStringListCallbackImpl.m in Sources */ = {isa = PBXBuildFile; fileRef = 850295245DF7B621145DCB5F /* LGStringListCallbackImpl.m */; };
/* End PBXBuildFile section */

/* Begin PBXFileReference section */
		0058AEBE7610A9F6F61697E2 /* LGBitcoinLikeOperation.h */ = {isa = PBXFileReference; lastKnownFileType = sourcecode.c.h; path = LGBitcoinLikeOperation.h; sourceTree = "<group>"; };
		02FB74BD6302BE701B117BCB /* LGLogPrinter.h */ = {isa = PBXFileReference; lastKnownFileType = sourcecode.c.h; path = LGLogPrinter.h; sourceTree = "<group>"; };
		03A2BFE2A750825671FB0F6D /* LGEvent.h */ = {isa = PBXFileReference; lastKnownFileType = sourcecode.c.h; path = LGEvent.h; sourceTree = "<group>"; };
		061453ED4E11CF05BC9815A3 /* LGAccountCallback.h */ = {isa = PBXFileReference; lastKnownFileType = sourcecode.c.h; path = LGAccountCallback.h; sourceTree = "<group>"; };
		06AEFC2548B606B0CD638FA5 /* LGAccount.mm */ = {isa = PBXFileReference; lastKnownFileType = sourcecode.cpp.objcpp; path = LGAccount.mm; sourceTree = "<group>"; };
		06BDCC8293799F62C675502E /* LGBitcoinLikeTransaction.h */ = {isa = PBXFileReference; lastKnownFileType = sourcecode.c.h; path = LGBitcoinLikeTransaction.h; sourceTree = "<group>"; };
		075D6D0086E8AF621727E4E9 /* LGFormatRules.mm */ = {isa = PBXFileReference; lastKnownFileType = sourcecode.cpp.objcpp; path = LGFormatRules.mm; sourceTree = "<group>"; };
		080E435387167E77D2078A8B /* LGDynamicObject.h */ = {isa = PBXFileReference; lastKnownFileType = sourcecode.c.h; path = LGDynamicObject.h; sourceTree = "<group>"; };
		0924E68F692B52DA1ACF6714 /* LGDatabaseBackend.h */ = {isa = PBXFileReference; lastKnownFileType = sourcecode.c.h; path = LGDatabaseBackend.h; sourceTree = "<group>"; };
		09F409064D6A08AC8E8E1E9A /* LGWalletType.h */ = {isa = PBXFileReference; lastKnownFileType = sourcecode.c.h; path = LGWalletType.h; sourceTree = "<group>"; };
		0A7F2083717FDB1F2BA5BEA0 /* LGEventReceiverImpl.m */ = {isa = PBXFileReference; lastKnownFileType = sourcecode.c.objc; path = LGEventReceiverImpl.m; sourceTree = "<group>"; };
		0BFC981A0874D19A650A1F20 /* LGStringCallbackImpl.m */ = {isa = PBXFileReference; lastKnownFileType = sourcecode.c.objc; path = LGStringCallbackImpl.m; sourceTree = "<group>"; };
		0CBE75B3FEA16ACF89E8612D /* LGCurrency.h */ = {isa = PBXFileReference; lastKnownFileType = sourcecode.c.h; path = LGCurrency.h; sourceTree = "<group>"; };
		0E9609D854D94885A1C3F0ED /* LGLogPrinterImpl.m */ = {isa = PBXFileReference; lastKnownFileType = sourcecode.c.objc; path = LGLogPrinterImpl.m; sourceTree = "<group>"; };
		0FB5E97D1B854FFD4B467FB9 /* LGCurrencyCallbackImpl.h */ = {isa = PBXFileReference; lastKnownFileType = sourcecode.c.h; path = LGCurrencyCallbackImpl.h; sourceTree = "<group>"; };
		1077C04CE8A1A54A3463452C /* LGBitcoinLikePreparedTransactionCallback.h */ = {isa = PBXFileReference; lastKnownFileType = sourcecode.c.h; path = LGBitcoinLikePreparedTransactionCallback.h; sourceTree = "<group>"; };
		1192EC825BFA287F16ACB9E0 /* LGBitcoinLikeOutputListCallback.h */ = {isa = PBXFileReference; lastKnownFileType = sourcecode.c.h; path = LGBitcoinLikeOutputListCallback.h; sourceTree = "<group>"; };
		1518229206A81491CFEC8A43 /* LGPathResolverImpl.m */ = {isa = PBXFileReference; lastKnownFileType = sourcecode.c.objc; path = LGPathResolverImpl.m; sourceTree = "<group>"; };
		162B551774F6E92D9EFC3E08 /* LGQueryFilter.h */ = {isa = PBXFileReference; lastKnownFileType = sourcecode.c.h; path = LGQueryFilter.h; sourceTree = "<group>"; };
		167EAF63C64F467DF6B9AAF3 /* LGWebSocketClient.h */ = {isa = PBXFileReference; lastKnownFileType = sourcecode.c.h; path = LGWebSocketClient.h; sourceTree = "<group>"; };
		1712933392DE6F51ECCF6E32 /* LGExecutionContextImpl.h */ = {isa = PBXFileReference; lastKnownFileType = sourcecode.c.h; path = LGExecutionContextImpl.h; sourceTree = "<group>"; };
		18A22C0CA0B9FC785AE391D0 /* LGHttpUrlConnection.h */ = {isa = PBXFileReference; lastKnownFileType = sourcecode.c.h; path = LGHttpUrlConnection.h; sourceTree = "<group>"; };
		1FDC25E7A5CEFAC7A94A424E /* LGBitcoinLikeNetworkParameters.mm */ = {isa = PBXFileReference; lastKnownFileType = sourcecode.cpp.objcpp; path = LGBitcoinLikeNetworkParameters.mm; sourceTree = "<group>"; };
		2E640D4C1DACE640A13D96FF /* LGThreadDispatcherImpl.h */ = {isa = PBXFileReference; lastKnownFileType = sourcecode.c.h; path = LGThreadDispatcherImpl.h; sourceTree = "<group>"; };
		2F07BA8E55C9ABBA3D38A676 /* LGRandomNumberGeneratorImpl.h */ = {isa = PBXFileReference; lastKnownFileType = sourcecode.c.h; path = LGRandomNumberGeneratorImpl.h; sourceTree = "<group>"; };
		2F35C9AEB320C504F41BBCE3 /* LGOperationListCallbackImpl.m */ = {isa = PBXFileReference; lastKnownFileType = sourcecode.c.objc; path = LGOperationListCallbackImpl.m; sourceTree = "<group>"; };
		30EE4C697229BF1C4D3DA789 /* LGHttpClientImpl.h */ = {isa = PBXFileReference; lastKnownFileType = sourcecode.c.h; path = LGHttpClientImpl.h; sourceTree = "<group>"; };
		31F01849CAA2EE3A2DFCE61B /* LGSynchronizerEngines.h */ = {isa = PBXFileReference; lastKnownFileType = sourcecode.c.h; path = LGSynchronizerEngines.h; sourceTree = "<group>"; };
		3209230F9E3C55E47E9096AE /* LGEthereumPublicKeyProviderImpl.m */ = {isa = PBXFileReference; lastKnownFileType = sourcecode.c.objc; path = LGEthereumPublicKeyProviderImpl.m; sourceTree = "<group>"; };
		328FD64DF671499F545D6D01 /* LGBitcoinLikeBlock.h */ = {isa = PBXFileReference; lastKnownFileType = sourcecode.c.h; path = LGBitcoinLikeBlock.h; sourceTree = "<group>"; };
		33C6C36D9E64CDCC35B5ECA1 /* LGBitcoinLikeHelper.h */ = {isa = PBXFileReference; lastKnownFileType = sourcecode.c.h; path = LGBitcoinLikeHelper.h; sourceTree = "<group>"; };
		36A56C6A5814F76CCA12CC12 /* LGTrustIndicator.h */ = {isa = PBXFileReference; lastKnownFileType = sourcecode.c.h; path = LGTrustIndicator.h; sourceTree = "<group>"; };
		36C2B36ED6035117590C3795 /* LGBitcoinLikeWalletConfiguration.h */ = {isa = PBXFileReference; lastKnownFileType = sourcecode.c.h; path = LGBitcoinLikeWalletConfiguration.h; sourceTree = "<group>"; };
		36FF425AF84B5E6BD891FB88 /* LGCurrencyCallbackImpl.m */ = {isa = PBXFileReference; lastKnownFileType = sourcecode.c.objc; path = LGCurrencyCallbackImpl.m; sourceTree = "<group>"; };
		395E0A5F8AE7670761D6E688 /* LGWalletPoolCallbackImpl.m */ = {isa = PBXFileReference; lastKnownFileType = sourcecode.c.objc; path = LGWalletPoolCallbackImpl.m; sourceTree = "<group>"; };
		3A89B78AD815E62F42EDC47F /* LGBitcoinLikePreparedTransactionCallbackImpl.m */ = {isa = PBXFileReference; lastKnownFileType = sourcecode.c.objc; path = LGBitcoinLikePreparedTransactionCallbackImpl.m; sourceTree = "<group>"; };
		3D1260F287C31000AA38F325 /* LGBlockchainObserverEngines.mm */ = {isa = PBXFileReference; lastKnownFileType = sourcecode.cpp.objcpp; path = LGBlockchainObserverEngines.mm; sourceTree = "<group>"; };
		3D2E433C6665ED6AFA4B65D6 /* LGBigInt.h */ = {isa = PBXFileReference; lastKnownFileType = sourcecode.c.h; path = LGBigInt.h; sourceTree = "<group>"; };
		3E307A57445D98B298375BB0 /* LGAmountCallbackImpl.h */ = {isa = PBXFileReference; lastKnownFileType = sourcecode.c.h; path = LGAmountCallbackImpl.h; sourceTree = "<group>"; };
		3EBA6AA6D1A675EFEE58259F /* LGI32Callback.h */ = {isa = PBXFileReference; lastKnownFileType = sourcecode.c.h; path = LGI32Callback.h; sourceTree = "<group>"; };
		3F470F4220C23ED04B1F404B /* LGAmount.h */ = {isa = PBXFileReference; lastKnownFileType = sourcecode.c.h; path = LGAmount.h; sourceTree = "<group>"; };
		3F9B5162151DCC5087B58C55 /* LGBitcoinLikeFeePolicy.h */ = {isa = PBXFileReference; lastKnownFileType = sourcecode.c.h; path = LGBitcoinLikeFeePolicy.h; sourceTree = "<group>"; };
		3FAC2A953026996F9289B390 /* LGPreferences.h */ = {isa = PBXFileReference; lastKnownFileType = sourcecode.c.h; path = LGPreferences.h; sourceTree = "<group>"; };
		4349480155E2220B0C9968E5 /* LGOperationListCallbackImpl.h */ = {isa = PBXFileReference; lastKnownFileType = sourcecode.c.h; path = LGOperationListCallbackImpl.h; sourceTree = "<group>"; };
		4470E58625CD00F2E809366B /* LGAccountCreationInfoCallbackImpl.h */ = {isa = PBXFileReference; lastKnownFileType = sourcecode.c.h; path = LGAccountCreationInfoCallbackImpl.h; sourceTree = "<group>"; };
		4517A03AB9B53BC40C56559D /* LGBlock.mm */ = {isa = PBXFileReference; lastKnownFileType = sourcecode.cpp.objcpp; path = LGBlock.mm; sourceTree = "<group>"; };
		463C8F157824BAE980B31BB6 /* LGCurrencyListCallbackImpl.m */ = {isa = PBXFileReference; lastKnownFileType = sourcecode.c.objc; path = LGCurrencyListCallbackImpl.m; sourceTree = "<group>"; };
		486E6B6D7E56A2FCEC955652 /* LGSynchronizationStatus.h */ = {isa = PBXFileReference; lastKnownFileType = sourcecode.c.h; path = LGSynchronizationStatus.h; sourceTree = "<group>"; };
		48AF8359DB4575D5BB09EAAD /* LGExecutionContextImpl.m */ = {isa = PBXFileReference; lastKnownFileType = sourcecode.c.objc; path = LGExecutionContextImpl.m; sourceTree = "<group>"; };
		4912D35C71FDED14789844D4 /* LGWebSocketConnection.h */ = {isa = PBXFileReference; lastKnownFileType = sourcecode.c.h; path = LGWebSocketConnection.h; sourceTree = "<group>"; };
		49E11CEB04CD819D0C6A2BCF /* LGBitcoinLikeTransactionRequest.mm */ = {isa = PBXFileReference; lastKnownFileType = sourcecode.cpp.objcpp; path = LGBitcoinLikeTransactionRequest.mm; sourceTree = "<group>"; };
		4A531B60974125F333B6F1B3 /* LGLockImpl.m */ = {isa = PBXFileReference; lastKnownFileType = sourcecode.c.objc; path = LGLockImpl.m; sourceTree = "<group>"; };
		4A7B2E0F2F156009D2FE0A0B /* LGExtendedKeyAccountCreationInfoCallback.h */ = {isa = PBXFileReference; lastKnownFileType = sourcecode.c.h; path = LGExtendedKeyAccountCreationInfoCallback.h; sourceTree = "<group>"; };
		4B92DE0156412B9C9EC9C337 /* LGBitcoinLikeTransactionRequestCallbackImpl.m */ = {isa = PBXFileReference; lastKnownFileType = sourcecode.c.objc; path = LGBitcoinLikeTransactionRequestCallbackImpl.m; sourceTree = "<group>"; };
		4C5752ED6FF2BC6C4D4B3E49 /* LGLogPrinterImpl.h */ = {isa = PBXFileReference; lastKnownFileType = sourcecode.c.h; path = LGLogPrinterImpl.h; sourceTree = "<group>"; };
		4FF38929BDBA6A46F9B30377 /* LGLock.h */ = {isa = PBXFileReference; lastKnownFileType = sourcecode.c.h; path = LGLock.h; sourceTree = "<group>"; };
		50D1DCD6FE4BB38B4B6291B9 /* LGLogger.h */ = {isa = PBXFileReference; lastKnownFileType = sourcecode.c.h; path = LGLogger.h; sourceTree = "<group>"; };
		51960A7138107034CC43227B /* LGCurrencyUnit.h */ = {isa = PBXFileReference; lastKnownFileType = sourcecode.c.h; path = LGCurrencyUnit.h; sourceTree = "<group>"; };
		525C8E1E453AD57C304FF05B /* LGNetworks.h */ = {isa = PBXFileReference; lastKnownFileType = sourcecode.c.h; path = LGNetworks.h; sourceTree = "<group>"; };
		5267441568D1E809FA275E44 /* LGFormatRules.h */ = {isa = PBXFileReference; lastKnownFileType = sourcecode.c.h; path = LGFormatRules.h; sourceTree = "<group>"; };
		547D534C9A409F9BBBB6635F /* LGKeychainEngines.mm */ = {isa = PBXFileReference; lastKnownFileType = sourcecode.cpp.objcpp; path = LGKeychainEngines.mm; sourceTree = "<group>"; };
		571A10BDA98EF1B335783722 /* LGKeychainEngines.h */ = {isa = PBXFileReference; lastKnownFileType = sourcecode.c.h; path = LGKeychainEngines.h; sourceTree = "<group>"; };
		57E77B4919A5D78533F26B1F /* LGError.h */ = {isa = PBXFileReference; lastKnownFileType = sourcecode.c.h; path = LGError.h; sourceTree = "<group>"; };
		598E55BB8A06073346F51751 /* LGAccountCallbackImpl.h */ = {isa = PBXFileReference; lastKnownFileType = sourcecode.c.h; path = LGAccountCallbackImpl.h; sourceTree = "<group>"; };
		5C2042D0CF051E9397645763 /* LGLocale.h */ = {isa = PBXFileReference; lastKnownFileType = sourcecode.c.h; path = LGLocale.h; sourceTree = "<group>"; };
		5CD5BFDE2A234BEBC6094A93 /* LGEthereumLikeWallet.h */ = {isa = PBXFileReference; lastKnownFileType = sourcecode.c.h; path = LGEthereumLikeWallet.h; sourceTree = "<group>"; };
		5D7C6F3B46723E0C7186F5ED /* LGHttpReadBodyResult.mm */ = {isa = PBXFileReference; lastKnownFileType = sourcecode.cpp.objcpp; path = LGHttpReadBodyResult.mm; sourceTree = "<group>"; };
		60F8A2AF82273F724B773049 /* libledger-core.dylib */ = {isa = PBXFileReference; lastKnownFileType = "compiled.mach-o.dylib"; name = "libledger-core.dylib"; path = "/Users/elkhalilbellakrid/Desktop/Playground_04/lib-ledger-core-build/core/src/libledger-core.dylib"; sourceTree = "<group>"; };
		61A36A25B89E8B96F48DEA5D /* LGBitcoinLikePickingStrategy.h */ = {isa = PBXFileReference; lastKnownFileType = sourcecode.c.h; path = LGBitcoinLikePickingStrategy.h; sourceTree = "<group>"; };
		641668ACC02EB06133EDEA97 /* LGBitcoinLikePreparedTransaction.h */ = {isa = PBXFileReference; lastKnownFileType = sourcecode.c.h; path = LGBitcoinLikePreparedTransaction.h; sourceTree = "<group>"; };
		655BFF09CE14791E504C0212 /* LGCurrencyListCallback.h */ = {isa = PBXFileReference; lastKnownFileType = sourcecode.c.h; path = LGCurrencyListCallback.h; sourceTree = "<group>"; };
		6604BA261AAFCC01E0FE3263 /* LGAccountCreationInfoCallbackImpl.m */ = {isa = PBXFileReference; lastKnownFileType = sourcecode.c.objc; path = LGAccountCreationInfoCallbackImpl.m; sourceTree = "<group>"; };
		6817A1B06BBC2597FDF2DC30 /* LGPoolConfiguration.mm */ = {isa = PBXFileReference; lastKnownFileType = sourcecode.cpp.objcpp; path = LGPoolConfiguration.mm; sourceTree = "<group>"; };
		688B921EB1CA9DBE202AF89B /* LGThreadDispatcher.h */ = {isa = PBXFileReference; lastKnownFileType = sourcecode.c.h; path = LGThreadDispatcher.h; sourceTree = "<group>"; };
		6A62DAD6DCD7D0CDBD5D96A1 /* LGBitcoinLikeWallet.h */ = {isa = PBXFileReference; lastKnownFileType = sourcecode.c.h; path = LGBitcoinLikeWallet.h; sourceTree = "<group>"; };
		6EB5007AAAF3486B6D2B860F /* LGBlockCallbackImpl.m */ = {isa = PBXFileReference; lastKnownFileType = sourcecode.c.objc; path = LGBlockCallbackImpl.m; sourceTree = "<group>"; };
		741D7098FF21141390C8E2C4 /* LGBlockCallback.h */ = {isa = PBXFileReference; lastKnownFileType = sourcecode.c.h; path = LGBlockCallback.h; sourceTree = "<group>"; };
		75538765C8AC7AF5ABD11707 /* LGWalletPoolCallbackImpl.h */ = {isa = PBXFileReference; lastKnownFileType = sourcecode.c.h; path = LGWalletPoolCallbackImpl.h; sourceTree = "<group>"; };
		76D93F019F8C2A8B931F37BC /* LGBlockchainExplorerEngines.h */ = {isa = PBXFileReference; lastKnownFileType = sourcecode.c.h; path = LGBlockchainExplorerEngines.h; sourceTree = "<group>"; };
		787CF57EE19551E97AEB7620 /* LGHttpClientImpl.m */ = {isa = PBXFileReference; lastKnownFileType = sourcecode.c.objc; path = LGHttpClientImpl.m; sourceTree = "<group>"; };
		792C96D68D35C566E525E7C5 /* LGHashAlgorithmHelperImpl.m */ = {isa = PBXFileReference; lastKnownFileType = sourcecode.c.objc; path = LGHashAlgorithmHelperImpl.m; sourceTree = "<group>"; };
		7B536BA9ACFFA70681BAD112 /* LGAccount.h */ = {isa = PBXFileReference; lastKnownFileType = sourcecode.c.h; path = LGAccount.h; sourceTree = "<group>"; };
		7CD89594B404AE468AD84467 /* LGStringCallbackImpl.h */ = {isa = PBXFileReference; lastKnownFileType = sourcecode.c.h; path = LGStringCallbackImpl.h; sourceTree = "<group>"; };
		806874EA0767DF98F3C38899 /* libledger-core-objc.a */ = {isa = PBXFileReference; explicitFileType = archive.ar; includeInIndex = 0; path = "libledger-core-objc.a"; sourceTree = BUILT_PRODUCTS_DIR; };
		819D304141648A6F9980D901 /* LGBitcoinLikeOutput.h */ = {isa = PBXFileReference; lastKnownFileType = sourcecode.c.h; path = LGBitcoinLikeOutput.h; sourceTree = "<group>"; };
		822F951A4A81BE8BB968E2E6 /* LGHttpUrlConnectionImpl.m */ = {isa = PBXFileReference; lastKnownFileType = sourcecode.c.objc; path = LGHttpUrlConnectionImpl.m; sourceTree = "<group>"; };
		83849C27897E1ADB595DC605 /* LGHashAlgorithmHelperImpl.h */ = {isa = PBXFileReference; lastKnownFileType = sourcecode.c.h; path = LGHashAlgorithmHelperImpl.h; sourceTree = "<group>"; };
		83CA393010F6C6FA6481A123 /* LGDynamicType.h */ = {isa = PBXFileReference; lastKnownFileType = sourcecode.c.h; path = LGDynamicType.h; sourceTree = "<group>"; };
		83EA1FE28D8659BEC57D3038 /* LGOperation.h */ = {isa = PBXFileReference; lastKnownFileType = sourcecode.c.h; path = LGOperation.h; sourceTree = "<group>"; };
		850295245DF7B621145DCB5F /* LGStringListCallbackImpl.m */ = {isa = PBXFileReference; lastKnownFileType = sourcecode.c.objc; path = LGStringListCallbackImpl.m; sourceTree = "<group>"; };
		857FC9F634AB1F5743BF85E1 /* LGBitcoinLikeTransactionRequest.h */ = {isa = PBXFileReference; lastKnownFileType = sourcecode.c.h; path = LGBitcoinLikeTransactionRequest.h; sourceTree = "<group>"; };
		8753ED23864FE77728ABBF10 /* LGCurrencyCallback.h */ = {isa = PBXFileReference; lastKnownFileType = sourcecode.c.h; path = LGCurrencyCallback.h; sourceTree = "<group>"; };
		881057132972137D6418E896 /* LGLocale.mm */ = {isa = PBXFileReference; lastKnownFileType = sourcecode.cpp.objcpp; path = LGLocale.mm; sourceTree = "<group>"; };
		899B0B7D5F12B2C6CA5F2D8A /* LGEthereumPublicKeyProvider.h */ = {isa = PBXFileReference; lastKnownFileType = sourcecode.c.h; path = LGEthereumPublicKeyProvider.h; sourceTree = "<group>"; };
		89DF2F75C38F78994752E42E /* LGErrorCode.h */ = {isa = PBXFileReference; lastKnownFileType = sourcecode.c.h; path = LGErrorCode.h; sourceTree = "<group>"; };
		8B735C2510DA0950BBEA5670 /* LGWalletPoolBuilder.h */ = {isa = PBXFileReference; lastKnownFileType = sourcecode.c.h; path = LGWalletPoolBuilder.h; sourceTree = "<group>"; };
		8B7995C96CB1C0B7F057D405 /* LGBitcoinLikePreparedTransaction.mm */ = {isa = PBXFileReference; lastKnownFileType = sourcecode.cpp.objcpp; path = LGBitcoinLikePreparedTransaction.mm; sourceTree = "<group>"; };
		8B9FB49E966E3DF6CEF98C02 /* LGBitcoinLikeWalletConfiguration.mm */ = {isa = PBXFileReference; lastKnownFileType = sourcecode.cpp.objcpp; path = LGBitcoinLikeWalletConfiguration.mm; sourceTree = "<group>"; };
		8CBDCCF52C76943A6CE050CA /* LGWalletCallbackImpl.h */ = {isa = PBXFileReference; lastKnownFileType = sourcecode.c.h; path = LGWalletCallbackImpl.h; sourceTree = "<group>"; };
		8D32CA194E3E50E4DE61CCC1 /* LGBlockchainObserverEngines.h */ = {isa = PBXFileReference; lastKnownFileType = sourcecode.c.h; path = LGBlockchainObserverEngines.h; sourceTree = "<group>"; };
		9083512ED795D212306F72C5 /* LGExtendedKeyAccountCreationInfo.h */ = {isa = PBXFileReference; lastKnownFileType = sourcecode.c.h; path = LGExtendedKeyAccountCreationInfo.h; sourceTree = "<group>"; };
		91E49A4592EF82FDA7D1977F /* LGBitcoinLikePreparedTransactionCallbackImpl.h */ = {isa = PBXFileReference; lastKnownFileType = sourcecode.c.h; path = LGBitcoinLikePreparedTransactionCallbackImpl.h; sourceTree = "<group>"; };
		92344EB9279B5CAAB45E2C77 /* LGRandomNumberGenerator.h */ = {isa = PBXFileReference; lastKnownFileType = sourcecode.c.h; path = LGRandomNumberGenerator.h; sourceTree = "<group>"; };
		924DDF54F0FF4978D9E0A0C3 /* LGPathResolverImpl.h */ = {isa = PBXFileReference; lastKnownFileType = sourcecode.c.h; path = LGPathResolverImpl.h; sourceTree = "<group>"; };
		926351674DC774D8D517D8D0 /* LGBitcoinLikeAccount.h */ = {isa = PBXFileReference; lastKnownFileType = sourcecode.c.h; path = LGBitcoinLikeAccount.h; sourceTree = "<group>"; };
		935492EF30F369A7F9DC7879 /* LGEventReceiver.h */ = {isa = PBXFileReference; lastKnownFileType = sourcecode.c.h; path = LGEventReceiver.h; sourceTree = "<group>"; };
		96EF2C92B249B8172106CE14 /* LGWalletPool.h */ = {isa = PBXFileReference; lastKnownFileType = sourcecode.c.h; path = LGWalletPool.h; sourceTree = "<group>"; };
		9A477434011287675B34F3B2 /* LGExtendedKeyAccountCreationInfoCallbackImpl.h */ = {isa = PBXFileReference; lastKnownFileType = sourcecode.c.h; path = LGExtendedKeyAccountCreationInfoCallbackImpl.h; sourceTree = "<group>"; };
		9C8B02972262E0E33693898E /* LGRunnable.h */ = {isa = PBXFileReference; lastKnownFileType = sourcecode.c.h; path = LGRunnable.h; sourceTree = "<group>"; };
		9C8F1BFDCCD8AF3173D80735 /* LGConfiguration.h */ = {isa = PBXFileReference; lastKnownFileType = sourcecode.c.h; path = LGConfiguration.h; sourceTree = "<group>"; };
		9CDCFB13D2D2585117FFAAD1 /* LGSynchronizerEngines.mm */ = {isa = PBXFileReference; lastKnownFileType = sourcecode.cpp.objcpp; path = LGSynchronizerEngines.mm; sourceTree = "<group>"; };
		9DF6122674AB668B112BD3DE /* LGBitcoinLikeExtendedPublicKey.h */ = {isa = PBXFileReference; lastKnownFileType = sourcecode.c.h; path = LGBitcoinLikeExtendedPublicKey.h; sourceTree = "<group>"; };
		9F1F23A2D34B6BCE9AB63326 /* LGCurrencyUnit.mm */ = {isa = PBXFileReference; lastKnownFileType = sourcecode.cpp.objcpp; path = LGCurrencyUnit.mm; sourceTree = "<group>"; };
		A10EFA799A161255E4452784 /* LGBitcoinLikeNetworkParameters.h */ = {isa = PBXFileReference; lastKnownFileType = sourcecode.c.h; path = LGBitcoinLikeNetworkParameters.h; sourceTree = "<group>"; };
		A1623FE43F5D733FCAA66860 /* LGBitcoinLikeInput.h */ = {isa = PBXFileReference; lastKnownFileType = sourcecode.c.h; path = LGBitcoinLikeInput.h; sourceTree = "<group>"; };
		A3D971CFECF783DEE68D714C /* LGI32CallbackImpl.m */ = {isa = PBXFileReference; lastKnownFileType = sourcecode.c.objc; path = LGI32CallbackImpl.m; sourceTree = "<group>"; };
		A92C0C1A3846D0F070AA6C38 /* LGDynamicArray.h */ = {isa = PBXFileReference; lastKnownFileType = sourcecode.c.h; path = LGDynamicArray.h; sourceTree = "<group>"; };
		A93D7B8187DC3795D9DAED7C /* LGRoundingMode.h */ = {isa = PBXFileReference; lastKnownFileType = sourcecode.c.h; path = LGRoundingMode.h; sourceTree = "<group>"; };
		AAB1D96B58BC2CD8F5E07F42 /* LGWalletListCallback.h */ = {isa = PBXFileReference; lastKnownFileType = sourcecode.c.h; path = LGWalletListCallback.h; sourceTree = "<group>"; };
		AABFF9F53FA94132F23C06D6 /* LGRandomNumberGeneratorImpl.m */ = {isa = PBXFileReference; lastKnownFileType = sourcecode.c.objc; path = LGRandomNumberGeneratorImpl.m; sourceTree = "<group>"; };
		AD4EEDB6A471528D04924D75 /* LGEventPublisher.h */ = {isa = PBXFileReference; lastKnownFileType = sourcecode.c.h; path = LGEventPublisher.h; sourceTree = "<group>"; };
		AF27F46824EDC01675325159 /* LGBlockCallbackImpl.h */ = {isa = PBXFileReference; lastKnownFileType = sourcecode.c.h; path = LGBlockCallbackImpl.h; sourceTree = "<group>"; };
		AFB6DCA6DABF57C9B9E6447F /* LGExtendedKeyAccountCreationInfo.mm */ = {isa = PBXFileReference; lastKnownFileType = sourcecode.cpp.objcpp; path = LGExtendedKeyAccountCreationInfo.mm; sourceTree = "<group>"; };
		B0D05BB0CA9CA50BFF4A185B /* LGSynchronizationStatus.mm */ = {isa = PBXFileReference; lastKnownFileType = sourcecode.cpp.objcpp; path = LGSynchronizationStatus.mm; sourceTree = "<group>"; };
		B92B282A818BC031C621CD23 /* LGConfigurationDefaults.mm */ = {isa = PBXFileReference; lastKnownFileType = sourcecode.cpp.objcpp; path = LGConfigurationDefaults.mm; sourceTree = "<group>"; };
		B94D57D28D21D2D138033D3C /* LGEventReceiverImpl.h */ = {isa = PBXFileReference; lastKnownFileType = sourcecode.c.h; path = LGEventReceiverImpl.h; sourceTree = "<group>"; };
		BA5BF2F70D79E7D8C5F8859A /* LGThreadDispatcherImpl.m */ = {isa = PBXFileReference; lastKnownFileType = sourcecode.c.objc; path = LGThreadDispatcherImpl.m; sourceTree = "<group>"; };
		BAA50294D20370E444DA0EB6 /* LGOperationType.h */ = {isa = PBXFileReference; lastKnownFileType = sourcecode.c.h; path = LGOperationType.h; sourceTree = "<group>"; };
		BBE2089C672379FFEE049057 /* LGAccountListCallbackImpl.h */ = {isa = PBXFileReference; lastKnownFileType = sourcecode.c.h; path = LGAccountListCallbackImpl.h; sourceTree = "<group>"; };
		BDA09440978DDA807C5A0302 /* LGLockImpl.h */ = {isa = PBXFileReference; lastKnownFileType = sourcecode.c.h; path = LGLockImpl.h; sourceTree = "<group>"; };
		BE561D2A64B04F94B6188469 /* LGBlockchainExplorerEngines.mm */ = {isa = PBXFileReference; lastKnownFileType = sourcecode.cpp.objcpp; path = LGBlockchainExplorerEngines.mm; sourceTree = "<group>"; };
		BECA31D16CD1E57531DF94C7 /* LGOperationOrderKey.h */ = {isa = PBXFileReference; lastKnownFileType = sourcecode.c.h; path = LGOperationOrderKey.h; sourceTree = "<group>"; };
		C14CEC876C0A6E804C21252D /* LGWalletCallback.h */ = {isa = PBXFileReference; lastKnownFileType = sourcecode.c.h; path = LGWalletCallback.h; sourceTree = "<group>"; };
		C1C80B116D4799DF1C7B2362 /* LGConfiguration.mm */ = {isa = PBXFileReference; lastKnownFileType = sourcecode.cpp.objcpp; path = LGConfiguration.mm; sourceTree = "<group>"; };
		C2F02D839B200355899C16FA /* LGWalletCallbackImpl.m */ = {isa = PBXFileReference; lastKnownFileType = sourcecode.c.objc; path = LGWalletCallbackImpl.m; sourceTree = "<group>"; };
		C4B78402B9B8B13A38432F7B /* LGHashAlgorithmHelper.h */ = {isa = PBXFileReference; lastKnownFileType = sourcecode.c.h; path = LGHashAlgorithmHelper.h; sourceTree = "<group>"; };
		C6820B2A9D7C232116B7A87C /* LGAmountCallback.h */ = {isa = PBXFileReference; lastKnownFileType = sourcecode.c.h; path = LGAmountCallback.h; sourceTree = "<group>"; };
		C7DAC0568CFEA45D39A59547 /* LGCurrency.mm */ = {isa = PBXFileReference; lastKnownFileType = sourcecode.cpp.objcpp; path = LGCurrency.mm; sourceTree = "<group>"; };
		C8188CD2623A7D41BD04FFF8 /* LGWalletPoolCallback.h */ = {isa = PBXFileReference; lastKnownFileType = sourcecode.c.h; path = LGWalletPoolCallback.h; sourceTree = "<group>"; };
		C8A517A15E94DCB689D14B9F /* LGStringCallback.h */ = {isa = PBXFileReference; lastKnownFileType = sourcecode.c.h; path = LGStringCallback.h; sourceTree = "<group>"; };
		C8B5236FABE58498D8C8ED94 /* LGEthereumPublicKeyProviderImpl.h */ = {isa = PBXFileReference; lastKnownFileType = sourcecode.c.h; path = LGEthereumPublicKeyProviderImpl.h; sourceTree = "<group>"; };
		CBBE731AA36FDBDB77AC651B /* LGLedgerCore.h */ = {isa = PBXFileReference; lastKnownFileType = sourcecode.c.h; path = LGLedgerCore.h; sourceTree = "<group>"; };
		CBF98717374906FA6AED71E6 /* LGWebSocketClientImpl.h */ = {isa = PBXFileReference; lastKnownFileType = sourcecode.c.h; path = LGWebSocketClientImpl.h; sourceTree = "<group>"; };
		CD23F1FB268952F77A550BBA /* LGI32CallbackImpl.h */ = {isa = PBXFileReference; lastKnownFileType = sourcecode.c.h; path = LGI32CallbackImpl.h; sourceTree = "<group>"; };
		CE3400E76777FB9B607C6931 /* LGBitcoinLikeOutputListCallbackImpl.m */ = {isa = PBXFileReference; lastKnownFileType = sourcecode.c.objc; path = LGBitcoinLikeOutputListCallbackImpl.m; sourceTree = "<group>"; };
		CE8DEB590C6AF228C486AD2A /* LGAmountCallbackImpl.m */ = {isa = PBXFileReference; lastKnownFileType = sourcecode.c.objc; path = LGAmountCallbackImpl.m; sourceTree = "<group>"; };
		CF6475DBCFE4E315E48E5D2D /* LGBitcoinLikeTransactionRequestCallback.h */ = {isa = PBXFileReference; lastKnownFileType = sourcecode.c.h; path = LGBitcoinLikeTransactionRequestCallback.h; sourceTree = "<group>"; };
		D04DB71357999762B0BEE593 /* LGSynchronizationEngines.h */ = {isa = PBXFileReference; lastKnownFileType = sourcecode.c.h; path = LGSynchronizationEngines.h; sourceTree = "<group>"; };
		D55F6628FCB7C2FB1FA3C6EA /* LGAccountCreationInfo.mm */ = {isa = PBXFileReference; lastKnownFileType = sourcecode.cpp.objcpp; path = LGAccountCreationInfo.mm; sourceTree = "<group>"; };
		D8691E0152669C53183BD7B1 /* LGGetEthreumLikeWalletCallback.h */ = {isa = PBXFileReference; lastKnownFileType = sourcecode.c.h; path = LGGetEthreumLikeWalletCallback.h; sourceTree = "<group>"; };
		D9DACB7EFDD3FA65913EC996 /* LGHttpUrlConnectionImpl.h */ = {isa = PBXFileReference; lastKnownFileType = sourcecode.c.h; path = LGHttpUrlConnectionImpl.h; sourceTree = "<group>"; };
		DA168D5E1C2A08E6D3216E0D /* LGConfigurationDefaults.h */ = {isa = PBXFileReference; lastKnownFileType = sourcecode.c.h; path = LGConfigurationDefaults.h; sourceTree = "<group>"; };
		DABF16F72EA1D2137861DF8A /* LGPoolConfiguration.h */ = {isa = PBXFileReference; lastKnownFileType = sourcecode.c.h; path = LGPoolConfiguration.h; sourceTree = "<group>"; };
		DB199E90A942BFD02A3F63EE /* LGAccountCallbackImpl.m */ = {isa = PBXFileReference; lastKnownFileType = sourcecode.c.objc; path = LGAccountCallbackImpl.m; sourceTree = "<group>"; };
		DBF941500ECC8C7E21D6C134 /* LGError.mm */ = {isa = PBXFileReference; lastKnownFileType = sourcecode.cpp.objcpp; path = LGError.mm; sourceTree = "<group>"; };
		DC0D049AF60502A782129CA0 /* LGPathResolver.h */ = {isa = PBXFileReference; lastKnownFileType = sourcecode.c.h; path = LGPathResolver.h; sourceTree = "<group>"; };
		DCDEF345B0F525643FE9A858 /* LGWalletListCallbackImpl.m */ = {isa = PBXFileReference; lastKnownFileType = sourcecode.c.objc; path = LGWalletListCallbackImpl.m; sourceTree = "<group>"; };
		DEFE301594FED309202F9630 /* LGHttpMethod.h */ = {isa = PBXFileReference; lastKnownFileType = sourcecode.c.h; path = LGHttpMethod.h; sourceTree = "<group>"; };
		E1C298D0E1918BDC6DC1096F /* LGStringListCallbackImpl.h */ = {isa = PBXFileReference; lastKnownFileType = sourcecode.c.h; path = LGStringListCallbackImpl.h; sourceTree = "<group>"; };
		E1E04C685D627A043B7DDE34 /* LGHttpRequest.h */ = {isa = PBXFileReference; lastKnownFileType = sourcecode.c.h; path = LGHttpRequest.h; sourceTree = "<group>"; };
		E27A7E2B3025768C3958B6DE /* LGGetEthreumLikeWalletCallbackImpl.h */ = {isa = PBXFileReference; lastKnownFileType = sourcecode.c.h; path = LGGetEthreumLikeWalletCallbackImpl.h; sourceTree = "<group>"; };
		E2B9E517037C36E81F1159C5 /* LGBitcoinLikeTransactionRequestCallbackImpl.h */ = {isa = PBXFileReference; lastKnownFileType = sourcecode.c.h; path = LGBitcoinLikeTransactionRequestCallbackImpl.h; sourceTree = "<group>"; };
		E32D57917D3E5A1F02F55809 /* LGBlock.h */ = {isa = PBXFileReference; lastKnownFileType = sourcecode.c.h; path = LGBlock.h; sourceTree = "<group>"; };
		E3DA27E33504C2DA8F186944 /* LGSecp256k1.h */ = {isa = PBXFileReference; lastKnownFileType = sourcecode.c.h; path = LGSecp256k1.h; sourceTree = "<group>"; };
		E4460BF2ECF28B672FC8933F /* LGAccountCreationInfoCallback.h */ = {isa = PBXFileReference; lastKnownFileType = sourcecode.c.h; path = LGAccountCreationInfoCallback.h; sourceTree = "<group>"; };
		E499E349BD9D37A803FD375D /* LGHttpReadBodyResult.h */ = {isa = PBXFileReference; lastKnownFileType = sourcecode.c.h; path = LGHttpReadBodyResult.h; sourceTree = "<group>"; };
		E524A2833941C82AA19A719B /* LGTrustLevel.h */ = {isa = PBXFileReference; lastKnownFileType = sourcecode.c.h; path = LGTrustLevel.h; sourceTree = "<group>"; };
		E6CD88196E71AE6C127BF0D3 /* LGAccountListCallbackImpl.m */ = {isa = PBXFileReference; lastKnownFileType = sourcecode.c.objc; path = LGAccountListCallbackImpl.m; sourceTree = "<group>"; };
		E70EAAD55A037E70806812A2 /* LGPreferencesEditor.h */ = {isa = PBXFileReference; lastKnownFileType = sourcecode.c.h; path = LGPreferencesEditor.h; sourceTree = "<group>"; };
		E884C0F0B9B4CF1618325F2E /* ledger-core-objc.gyp */ = {isa = PBXFileReference; explicitFileType = sourcecode; path = "ledger-core-objc.gyp"; sourceTree = "<group>"; };
		E8BDD111C5F4C10CEBACD69E /* LGEventBus.h */ = {isa = PBXFileReference; lastKnownFileType = sourcecode.c.h; path = LGEventBus.h; sourceTree = "<group>"; };
		EB34A431C930032713318B93 /* LGHttpClient.h */ = {isa = PBXFileReference; lastKnownFileType = sourcecode.c.h; path = LGHttpClient.h; sourceTree = "<group>"; };
		EC4C51F69AF8A53984E292A2 /* LGWallet.h */ = {isa = PBXFileReference; lastKnownFileType = sourcecode.c.h; path = LGWallet.h; sourceTree = "<group>"; };
		ED4E729F4821EB3AAB3940EB /* LGBitcoinLikeAddress.h */ = {isa = PBXFileReference; lastKnownFileType = sourcecode.c.h; path = LGBitcoinLikeAddress.h; sourceTree = "<group>"; };
		EE496D4DC977BAA62F25A0F0 /* LGWebSocketClientImpl.m */ = {isa = PBXFileReference; lastKnownFileType = sourcecode.c.objc; path = LGWebSocketClientImpl.m; sourceTree = "<group>"; };
		F090C01B3A5EF0A297A2B172 /* LGOperationListCallback.h */ = {isa = PBXFileReference; lastKnownFileType = sourcecode.c.h; path = LGOperationListCallback.h; sourceTree = "<group>"; };
		F0E3E45FBAAE09AAC0E1F6B1 /* LGCurrencyListCallbackImpl.h */ = {isa = PBXFileReference; lastKnownFileType = sourcecode.c.h; path = LGCurrencyListCallbackImpl.h; sourceTree = "<group>"; };
		F1A42D4AC729FB76124290AE /* LGEventCode.h */ = {isa = PBXFileReference; lastKnownFileType = sourcecode.c.h; path = LGEventCode.h; sourceTree = "<group>"; };
		F41679A594AC225C2B427A74 /* LGExecutionContext.h */ = {isa = PBXFileReference; lastKnownFileType = sourcecode.c.h; path = LGExecutionContext.h; sourceTree = "<group>"; };
		F42B72E749EBF503E886F814 /* LGWalletListCallbackImpl.h */ = {isa = PBXFileReference; lastKnownFileType = sourcecode.c.h; path = LGWalletListCallbackImpl.h; sourceTree = "<group>"; };
		F46DD829146270F2F928B92C /* LGStringListCallback.h */ = {isa = PBXFileReference; lastKnownFileType = sourcecode.c.h; path = LGStringListCallback.h; sourceTree = "<group>"; };
		F5937891D361A9ECC6D434B9 /* LGExtendedKeyAccountCreationInfoCallbackImpl.m */ = {isa = PBXFileReference; lastKnownFileType = sourcecode.c.objc; path = LGExtendedKeyAccountCreationInfoCallbackImpl.m; sourceTree = "<group>"; };
		F684E4D0B53D8DE7CA055F6D /* LGSynchronizationEngines.mm */ = {isa = PBXFileReference; lastKnownFileType = sourcecode.cpp.objcpp; path = LGSynchronizationEngines.mm; sourceTree = "<group>"; };
		F8BDC6D68C06481BCFA72A0C /* LGAccountCreationInfo.h */ = {isa = PBXFileReference; lastKnownFileType = sourcecode.c.h; path = LGAccountCreationInfo.h; sourceTree = "<group>"; };
		FA33E13B6F51A64E38E7A8CF /* LGGetEthreumLikeWalletCallbackImpl.m */ = {isa = PBXFileReference; lastKnownFileType = sourcecode.c.objc; path = LGGetEthreumLikeWalletCallbackImpl.m; sourceTree = "<group>"; };
		FAC563DD25DD7ABBEC8B9F6B /* LGBitcoinLikeOutputListCallbackImpl.h */ = {isa = PBXFileReference; lastKnownFileType = sourcecode.c.h; path = LGBitcoinLikeOutputListCallbackImpl.h; sourceTree = "<group>"; };
		FED5831A429D38CE343A2BE7 /* LGOperationQuery.h */ = {isa = PBXFileReference; lastKnownFileType = sourcecode.c.h; path = LGOperationQuery.h; sourceTree = "<group>"; };
		FF8911F54C9B7B2649F0D050 /* LGAccountListCallback.h */ = {isa = PBXFileReference; lastKnownFileType = sourcecode.c.h; path = LGAccountListCallback.h; sourceTree = "<group>"; };
/* End PBXFileReference section */

/* Begin PBXFrameworksBuildPhase section */
		048046FADC5FDADBF71A94C0 /* Frameworks */ = {
			isa = PBXFrameworksBuildPhase;
			buildActionMask = 2147483647;
			files = (
				5B9F2F7EAE169816F8D08544 /* libledger-core.dylib in Frameworks */,
			);
			runOnlyForDeploymentPostprocessing = 0;
		};
/* End PBXFrameworksBuildPhase section */

/* Begin PBXGroup section */
		104490922A7D4363C69C1CF7 /* Products */ = {
			isa = PBXGroup;
			children = (
				806874EA0767DF98F3C38899 /* libledger-core-objc.a */,
			);
			name = Products;
			sourceTree = "<group>";
		};
		52CD843CF881B309A03FCA01 /* src/objc */ = {
			isa = PBXGroup;
			children = (
				598E55BB8A06073346F51751 /* LGAccountCallbackImpl.h */,
				DB199E90A942BFD02A3F63EE /* LGAccountCallbackImpl.m */,
				4470E58625CD00F2E809366B /* LGAccountCreationInfoCallbackImpl.h */,
				6604BA261AAFCC01E0FE3263 /* LGAccountCreationInfoCallbackImpl.m */,
				BBE2089C672379FFEE049057 /* LGAccountListCallbackImpl.h */,
				E6CD88196E71AE6C127BF0D3 /* LGAccountListCallbackImpl.m */,
				3E307A57445D98B298375BB0 /* LGAmountCallbackImpl.h */,
				CE8DEB590C6AF228C486AD2A /* LGAmountCallbackImpl.m */,
				FAC563DD25DD7ABBEC8B9F6B /* LGBitcoinLikeOutputListCallbackImpl.h */,
				CE3400E76777FB9B607C6931 /* LGBitcoinLikeOutputListCallbackImpl.m */,
				91E49A4592EF82FDA7D1977F /* LGBitcoinLikePreparedTransactionCallbackImpl.h */,
				3A89B78AD815E62F42EDC47F /* LGBitcoinLikePreparedTransactionCallbackImpl.m */,
				E2B9E517037C36E81F1159C5 /* LGBitcoinLikeTransactionRequestCallbackImpl.h */,
				4B92DE0156412B9C9EC9C337 /* LGBitcoinLikeTransactionRequestCallbackImpl.m */,
				AF27F46824EDC01675325159 /* LGBlockCallbackImpl.h */,
				6EB5007AAAF3486B6D2B860F /* LGBlockCallbackImpl.m */,
				0FB5E97D1B854FFD4B467FB9 /* LGCurrencyCallbackImpl.h */,
				36FF425AF84B5E6BD891FB88 /* LGCurrencyCallbackImpl.m */,
				F0E3E45FBAAE09AAC0E1F6B1 /* LGCurrencyListCallbackImpl.h */,
				463C8F157824BAE980B31BB6 /* LGCurrencyListCallbackImpl.m */,
				C8B5236FABE58498D8C8ED94 /* LGEthereumPublicKeyProviderImpl.h */,
				3209230F9E3C55E47E9096AE /* LGEthereumPublicKeyProviderImpl.m */,
				B94D57D28D21D2D138033D3C /* LGEventReceiverImpl.h */,
				0A7F2083717FDB1F2BA5BEA0 /* LGEventReceiverImpl.m */,
				1712933392DE6F51ECCF6E32 /* LGExecutionContextImpl.h */,
				48AF8359DB4575D5BB09EAAD /* LGExecutionContextImpl.m */,
				9A477434011287675B34F3B2 /* LGExtendedKeyAccountCreationInfoCallbackImpl.h */,
				F5937891D361A9ECC6D434B9 /* LGExtendedKeyAccountCreationInfoCallbackImpl.m */,
				E27A7E2B3025768C3958B6DE /* LGGetEthreumLikeWalletCallbackImpl.h */,
				FA33E13B6F51A64E38E7A8CF /* LGGetEthreumLikeWalletCallbackImpl.m */,
				83849C27897E1ADB595DC605 /* LGHashAlgorithmHelperImpl.h */,
				792C96D68D35C566E525E7C5 /* LGHashAlgorithmHelperImpl.m */,
				30EE4C697229BF1C4D3DA789 /* LGHttpClientImpl.h */,
				787CF57EE19551E97AEB7620 /* LGHttpClientImpl.m */,
				D9DACB7EFDD3FA65913EC996 /* LGHttpUrlConnectionImpl.h */,
				822F951A4A81BE8BB968E2E6 /* LGHttpUrlConnectionImpl.m */,
				CD23F1FB268952F77A550BBA /* LGI32CallbackImpl.h */,
				A3D971CFECF783DEE68D714C /* LGI32CallbackImpl.m */,
				BDA09440978DDA807C5A0302 /* LGLockImpl.h */,
				4A531B60974125F333B6F1B3 /* LGLockImpl.m */,
				4C5752ED6FF2BC6C4D4B3E49 /* LGLogPrinterImpl.h */,
				0E9609D854D94885A1C3F0ED /* LGLogPrinterImpl.m */,
				4349480155E2220B0C9968E5 /* LGOperationListCallbackImpl.h */,
				2F35C9AEB320C504F41BBCE3 /* LGOperationListCallbackImpl.m */,
				924DDF54F0FF4978D9E0A0C3 /* LGPathResolverImpl.h */,
				1518229206A81491CFEC8A43 /* LGPathResolverImpl.m */,
				2F07BA8E55C9ABBA3D38A676 /* LGRandomNumberGeneratorImpl.h */,
				AABFF9F53FA94132F23C06D6 /* LGRandomNumberGeneratorImpl.m */,
				7CD89594B404AE468AD84467 /* LGStringCallbackImpl.h */,
				0BFC981A0874D19A650A1F20 /* LGStringCallbackImpl.m */,
				E1C298D0E1918BDC6DC1096F /* LGStringListCallbackImpl.h */,
				850295245DF7B621145DCB5F /* LGStringListCallbackImpl.m */,
				2E640D4C1DACE640A13D96FF /* LGThreadDispatcherImpl.h */,
				BA5BF2F70D79E7D8C5F8859A /* LGThreadDispatcherImpl.m */,
				8CBDCCF52C76943A6CE050CA /* LGWalletCallbackImpl.h */,
				C2F02D839B200355899C16FA /* LGWalletCallbackImpl.m */,
				F42B72E749EBF503E886F814 /* LGWalletListCallbackImpl.h */,
				DCDEF345B0F525643FE9A858 /* LGWalletListCallbackImpl.m */,
				75538765C8AC7AF5ABD11707 /* LGWalletPoolCallbackImpl.h */,
				395E0A5F8AE7670761D6E688 /* LGWalletPoolCallbackImpl.m */,
				CBF98717374906FA6AED71E6 /* LGWebSocketClientImpl.h */,
				EE496D4DC977BAA62F25A0F0 /* LGWebSocketClientImpl.m */,
			);
			path = src/objc;
			sourceTree = "<group>";
		};
		6F42FD65761E325B217B7289 /* Frameworks */ = {
			isa = PBXGroup;
			children = (
				60F8A2AF82273F724B773049 /* libledger-core.dylib */,
			);
			name = Frameworks;
			sourceTree = "<group>";
		};
		79B992999B49F30FE97FD64A /* Source */ = {
			isa = PBXGroup;
			children = (
				B46E7FED1072BEC6388C35E2 /* objc */,
				52CD843CF881B309A03FCA01 /* src/objc */,
			);
			name = Source;
			path = ../../api/core;
			sourceTree = "<group>";
		};
		B46E7FED1072BEC6388C35E2 /* objc */ = {
			isa = PBXGroup;
			children = (
				7B536BA9ACFFA70681BAD112 /* LGAccount.h */,
				06AEFC2548B606B0CD638FA5 /* LGAccount.mm */,
				061453ED4E11CF05BC9815A3 /* LGAccountCallback.h */,
				F8BDC6D68C06481BCFA72A0C /* LGAccountCreationInfo.h */,
				D55F6628FCB7C2FB1FA3C6EA /* LGAccountCreationInfo.mm */,
				E4460BF2ECF28B672FC8933F /* LGAccountCreationInfoCallback.h */,
				FF8911F54C9B7B2649F0D050 /* LGAccountListCallback.h */,
				3F470F4220C23ED04B1F404B /* LGAmount.h */,
				C6820B2A9D7C232116B7A87C /* LGAmountCallback.h */,
				3D2E433C6665ED6AFA4B65D6 /* LGBigInt.h */,
				926351674DC774D8D517D8D0 /* LGBitcoinLikeAccount.h */,
				ED4E729F4821EB3AAB3940EB /* LGBitcoinLikeAddress.h */,
				328FD64DF671499F545D6D01 /* LGBitcoinLikeBlock.h */,
				9DF6122674AB668B112BD3DE /* LGBitcoinLikeExtendedPublicKey.h */,
				3F9B5162151DCC5087B58C55 /* LGBitcoinLikeFeePolicy.h */,
				33C6C36D9E64CDCC35B5ECA1 /* LGBitcoinLikeHelper.h */,
				A1623FE43F5D733FCAA66860 /* LGBitcoinLikeInput.h */,
				A10EFA799A161255E4452784 /* LGBitcoinLikeNetworkParameters.h */,
				1FDC25E7A5CEFAC7A94A424E /* LGBitcoinLikeNetworkParameters.mm */,
				0058AEBE7610A9F6F61697E2 /* LGBitcoinLikeOperation.h */,
				819D304141648A6F9980D901 /* LGBitcoinLikeOutput.h */,
				1192EC825BFA287F16ACB9E0 /* LGBitcoinLikeOutputListCallback.h */,
				61A36A25B89E8B96F48DEA5D /* LGBitcoinLikePickingStrategy.h */,
				641668ACC02EB06133EDEA97 /* LGBitcoinLikePreparedTransaction.h */,
				8B7995C96CB1C0B7F057D405 /* LGBitcoinLikePreparedTransaction.mm */,
				1077C04CE8A1A54A3463452C /* LGBitcoinLikePreparedTransactionCallback.h */,
				06BDCC8293799F62C675502E /* LGBitcoinLikeTransaction.h */,
				857FC9F634AB1F5743BF85E1 /* LGBitcoinLikeTransactionRequest.h */,
				49E11CEB04CD819D0C6A2BCF /* LGBitcoinLikeTransactionRequest.mm */,
				CF6475DBCFE4E315E48E5D2D /* LGBitcoinLikeTransactionRequestCallback.h */,
				6A62DAD6DCD7D0CDBD5D96A1 /* LGBitcoinLikeWallet.h */,
				36C2B36ED6035117590C3795 /* LGBitcoinLikeWalletConfiguration.h */,
				8B9FB49E966E3DF6CEF98C02 /* LGBitcoinLikeWalletConfiguration.mm */,
				E32D57917D3E5A1F02F55809 /* LGBlock.h */,
				4517A03AB9B53BC40C56559D /* LGBlock.mm */,
				741D7098FF21141390C8E2C4 /* LGBlockCallback.h */,
				76D93F019F8C2A8B931F37BC /* LGBlockchainExplorerEngines.h */,
				BE561D2A64B04F94B6188469 /* LGBlockchainExplorerEngines.mm */,
				8D32CA194E3E50E4DE61CCC1 /* LGBlockchainObserverEngines.h */,
				3D1260F287C31000AA38F325 /* LGBlockchainObserverEngines.mm */,
				9C8F1BFDCCD8AF3173D80735 /* LGConfiguration.h */,
				C1C80B116D4799DF1C7B2362 /* LGConfiguration.mm */,
				DA168D5E1C2A08E6D3216E0D /* LGConfigurationDefaults.h */,
				B92B282A818BC031C621CD23 /* LGConfigurationDefaults.mm */,
				0CBE75B3FEA16ACF89E8612D /* LGCurrency.h */,
				C7DAC0568CFEA45D39A59547 /* LGCurrency.mm */,
				8753ED23864FE77728ABBF10 /* LGCurrencyCallback.h */,
				655BFF09CE14791E504C0212 /* LGCurrencyListCallback.h */,
				51960A7138107034CC43227B /* LGCurrencyUnit.h */,
				9F1F23A2D34B6BCE9AB63326 /* LGCurrencyUnit.mm */,
				0924E68F692B52DA1ACF6714 /* LGDatabaseBackend.h */,
				A92C0C1A3846D0F070AA6C38 /* LGDynamicArray.h */,
				080E435387167E77D2078A8B /* LGDynamicObject.h */,
				83CA393010F6C6FA6481A123 /* LGDynamicType.h */,
				57E77B4919A5D78533F26B1F /* LGError.h */,
				DBF941500ECC8C7E21D6C134 /* LGError.mm */,
				89DF2F75C38F78994752E42E /* LGErrorCode.h */,
				5CD5BFDE2A234BEBC6094A93 /* LGEthereumLikeWallet.h */,
				899B0B7D5F12B2C6CA5F2D8A /* LGEthereumPublicKeyProvider.h */,
				03A2BFE2A750825671FB0F6D /* LGEvent.h */,
				E8BDD111C5F4C10CEBACD69E /* LGEventBus.h */,
				F1A42D4AC729FB76124290AE /* LGEventCode.h */,
				AD4EEDB6A471528D04924D75 /* LGEventPublisher.h */,
				935492EF30F369A7F9DC7879 /* LGEventReceiver.h */,
				F41679A594AC225C2B427A74 /* LGExecutionContext.h */,
				9083512ED795D212306F72C5 /* LGExtendedKeyAccountCreationInfo.h */,
				AFB6DCA6DABF57C9B9E6447F /* LGExtendedKeyAccountCreationInfo.mm */,
				4A7B2E0F2F156009D2FE0A0B /* LGExtendedKeyAccountCreationInfoCallback.h */,
				5267441568D1E809FA275E44 /* LGFormatRules.h */,
				075D6D0086E8AF621727E4E9 /* LGFormatRules.mm */,
				D8691E0152669C53183BD7B1 /* LGGetEthreumLikeWalletCallback.h */,
				C4B78402B9B8B13A38432F7B /* LGHashAlgorithmHelper.h */,
				EB34A431C930032713318B93 /* LGHttpClient.h */,
				DEFE301594FED309202F9630 /* LGHttpMethod.h */,
				E499E349BD9D37A803FD375D /* LGHttpReadBodyResult.h */,
				5D7C6F3B46723E0C7186F5ED /* LGHttpReadBodyResult.mm */,
				E1E04C685D627A043B7DDE34 /* LGHttpRequest.h */,
				18A22C0CA0B9FC785AE391D0 /* LGHttpUrlConnection.h */,
				3EBA6AA6D1A675EFEE58259F /* LGI32Callback.h */,
				571A10BDA98EF1B335783722 /* LGKeychainEngines.h */,
				547D534C9A409F9BBBB6635F /* LGKeychainEngines.mm */,
				CBBE731AA36FDBDB77AC651B /* LGLedgerCore.h */,
				5C2042D0CF051E9397645763 /* LGLocale.h */,
				881057132972137D6418E896 /* LGLocale.mm */,
				4FF38929BDBA6A46F9B30377 /* LGLock.h */,
				02FB74BD6302BE701B117BCB /* LGLogPrinter.h */,
				50D1DCD6FE4BB38B4B6291B9 /* LGLogger.h */,
				525C8E1E453AD57C304FF05B /* LGNetworks.h */,
				83EA1FE28D8659BEC57D3038 /* LGOperation.h */,
				F090C01B3A5EF0A297A2B172 /* LGOperationListCallback.h */,
				BECA31D16CD1E57531DF94C7 /* LGOperationOrderKey.h */,
				FED5831A429D38CE343A2BE7 /* LGOperationQuery.h */,
				BAA50294D20370E444DA0EB6 /* LGOperationType.h */,
				DC0D049AF60502A782129CA0 /* LGPathResolver.h */,
				DABF16F72EA1D2137861DF8A /* LGPoolConfiguration.h */,
				6817A1B06BBC2597FDF2DC30 /* LGPoolConfiguration.mm */,
				3FAC2A953026996F9289B390 /* LGPreferences.h */,
				E70EAAD55A037E70806812A2 /* LGPreferencesEditor.h */,
				162B551774F6E92D9EFC3E08 /* LGQueryFilter.h */,
				92344EB9279B5CAAB45E2C77 /* LGRandomNumberGenerator.h */,
				A93D7B8187DC3795D9DAED7C /* LGRoundingMode.h */,
				9C8B02972262E0E33693898E /* LGRunnable.h */,
				E3DA27E33504C2DA8F186944 /* LGSecp256k1.h */,
				C8A517A15E94DCB689D14B9F /* LGStringCallback.h */,
				F46DD829146270F2F928B92C /* LGStringListCallback.h */,
				D04DB71357999762B0BEE593 /* LGSynchronizationEngines.h */,
				F684E4D0B53D8DE7CA055F6D /* LGSynchronizationEngines.mm */,
				486E6B6D7E56A2FCEC955652 /* LGSynchronizationStatus.h */,
				B0D05BB0CA9CA50BFF4A185B /* LGSynchronizationStatus.mm */,
				31F01849CAA2EE3A2DFCE61B /* LGSynchronizerEngines.h */,
				9CDCFB13D2D2585117FFAAD1 /* LGSynchronizerEngines.mm */,
				688B921EB1CA9DBE202AF89B /* LGThreadDispatcher.h */,
				36A56C6A5814F76CCA12CC12 /* LGTrustIndicator.h */,
				E524A2833941C82AA19A719B /* LGTrustLevel.h */,
				EC4C51F69AF8A53984E292A2 /* LGWallet.h */,
				C14CEC876C0A6E804C21252D /* LGWalletCallback.h */,
				AAB1D96B58BC2CD8F5E07F42 /* LGWalletListCallback.h */,
				96EF2C92B249B8172106CE14 /* LGWalletPool.h */,
				8B735C2510DA0950BBEA5670 /* LGWalletPoolBuilder.h */,
				C8188CD2623A7D41BD04FFF8 /* LGWalletPoolCallback.h */,
				09F409064D6A08AC8E8E1E9A /* LGWalletType.h */,
				167EAF63C64F467DF6B9AAF3 /* LGWebSocketClient.h */,
				4912D35C71FDED14789844D4 /* LGWebSocketConnection.h */,
			);
			path = objc;
			sourceTree = "<group>";
		};
		EA758E5277CF50DC509B1E60 = {
			isa = PBXGroup;
			children = (
				79B992999B49F30FE97FD64A /* Source */,
				6F42FD65761E325B217B7289 /* Frameworks */,
				104490922A7D4363C69C1CF7 /* Products */,
				F0CA0F5AAFD74BF138698C50 /* Build */,
			);
			sourceTree = "<group>";
		};
		F0CA0F5AAFD74BF138698C50 /* Build */ = {
			isa = PBXGroup;
			children = (
				E884C0F0B9B4CF1618325F2E /* ledger-core-objc.gyp */,
			);
			name = Build;
			sourceTree = "<group>";
		};
/* End PBXGroup section */

/* Begin PBXNativeTarget section */
		C1A6884132D97478B87DC9FD /* libledger-core-objc */ = {
			isa = PBXNativeTarget;
			buildConfigurationList = A8C874842FF29C19F1C924A6 /* Build configuration list for PBXNativeTarget "libledger-core-objc" */;
			buildPhases = (
				DF8AF298E3BB0C47FDF6B3B5 /* Sources */,
				048046FADC5FDADBF71A94C0 /* Frameworks */,
			);
			buildRules = (
			);
			dependencies = (
			);
			name = "libledger-core-objc";
			productName = "ledger-core-objc";
			productReference = 806874EA0767DF98F3C38899 /* libledger-core-objc.a */;
			productType = "com.apple.product-type.library.static";
		};
/* End PBXNativeTarget section */

/* Begin PBXProject section */
		0D20056D65B96276B66B908A /* Project object */ = {
			isa = PBXProject;
			attributes = {
				BuildIndependentTargetsInParallel = YES;
			};
			buildConfigurationList = 23D1460159DCBFE379DA10DC /* Build configuration list for PBXProject "ledger-core-objc" */;
			compatibilityVersion = "Xcode 3.2";
			hasScannedForEncodings = 1;
			mainGroup = EA758E5277CF50DC509B1E60;
			projectDirPath = ..;
			projectRoot = "";
			targets = (
				C1A6884132D97478B87DC9FD /* libledger-core-objc */,
			);
		};
/* End PBXProject section */

/* Begin PBXSourcesBuildPhase section */
		DF8AF298E3BB0C47FDF6B3B5 /* Sources */ = {
			isa = PBXSourcesBuildPhase;
			buildActionMask = 2147483647;
			files = (
				DA40FF37571C60041B1EA489 /* LGCurrency.mm in Sources */,
				1C9981FC3CD018B15EDD40FB /* LGHttpReadBodyResult.mm in Sources */,
				BF25D0E5AEDD1178211CD2C3 /* LGLocale.mm in Sources */,
				3E44EA5F15AAAA05188F52B4 /* LGSynchronizationStatus.mm in Sources */,
				302C1AFE1FBF0AB53571B03F /* LGKeychainEngines.mm in Sources */,
				5D9CAD34A20D394B6A659B3D /* LGError.mm in Sources */,
				4B966B18017F1473A9821177 /* LGConfigurationDefaults.mm in Sources */,
				8533CC4A9FF7F6C46E6AF061 /* LGBitcoinLikeTransactionRequest.mm in Sources */,
				37EB14B0B634F9F6A29750DA /* LGExtendedKeyAccountCreationInfo.mm in Sources */,
				EF232D7795BA6A897487D277 /* LGAccountCreationInfo.mm in Sources */,
				72598C1BD204C80FF077ABBA /* LGBitcoinLikeWalletConfiguration.mm in Sources */,
				7BC556DCB2CFF9A25FB176B9 /* LGSynchronizationEngines.mm in Sources */,
				54DB2FC54C9A7AAFB4DFD847 /* LGFormatRules.mm in Sources */,
				4E0C71C0DA799B6223DCFDAC /* LGPoolConfiguration.mm in Sources */,
				C26F355AA6DFB565994CAF4A /* LGBitcoinLikePreparedTransaction.mm in Sources */,
				AF40FA544C1A22D2AFE191D2 /* LGSynchronizerEngines.mm in Sources */,
				0D23016B9CBA6AB71BAFEEA1 /* LGBitcoinLikeNetworkParameters.mm in Sources */,
				2D8A0823766249BA9B161FB2 /* LGBlockchainObserverEngines.mm in Sources */,
				EF65B5907A8EC3F69493589A /* LGBlock.mm in Sources */,
				E8011770E24C6910A525DFDD /* LGCurrencyUnit.mm in Sources */,
				CB3E1C09BC1582BD8E80C91D /* LGConfiguration.mm in Sources */,
				166B9A153F62B243AAA71887 /* LGBlockchainExplorerEngines.mm in Sources */,
				02C242FA989A8CC1C3C50ABB /* LGAccount.mm in Sources */,
				147CC058D1DF7AB87A637FA8 /* LGRandomNumberGeneratorImpl.m in Sources */,
				35721F03B86AC49A14826E0D /* LGAccountCreationInfoCallbackImpl.m in Sources */,
				87B882285B5F879448EB406C /* LGWalletListCallbackImpl.m in Sources */,
				027CBDBA8E2BE8084C24F9F4 /* LGHttpUrlConnectionImpl.m in Sources */,
				021B987F20F34CDACA84723F /* LGWalletPoolCallbackImpl.m in Sources */,
				75E21A22B68330390C0B638A /* LGBitcoinLikeTransactionRequestCallbackImpl.m in Sources */,
				F427B68661C3F0813746757F /* LGAmountCallbackImpl.m in Sources */,
				D056BEEB158B296F2087BE37 /* LGAccountListCallbackImpl.m in Sources */,
				E3879CACEC74A8218FA8C090 /* LGStringCallbackImpl.m in Sources */,
				01AD582388227A59DA01D896 /* LGAccountCallbackImpl.m in Sources */,
				E3B71EA8960CB8F1157064E8 /* LGLogPrinterImpl.m in Sources */,
				315DB6857F1E52F685E437F1 /* LGBitcoinLikePreparedTransactionCallbackImpl.m in Sources */,
				92F9EA8FB6D59B417F2460B4 /* LGExtendedKeyAccountCreationInfoCallbackImpl.m in Sources */,
				04F40E24B7BBE3B0CF92EE6D /* LGWalletCallbackImpl.m in Sources */,
				08982C3A64C9A45317A64794 /* LGGetEthreumLikeWalletCallbackImpl.m in Sources */,
				B07CABB044D91D8EC429E7D6 /* LGWebSocketClientImpl.m in Sources */,
				4E03E65D38C27D3567553816 /* LGCurrencyCallbackImpl.m in Sources */,
				430AECF6524FF99E420C2C79 /* LGHashAlgorithmHelperImpl.m in Sources */,
				2B36C01722751329C0D483E5 /* LGEventReceiverImpl.m in Sources */,
				921A0EAB3198572C45E85F84 /* LGI32CallbackImpl.m in Sources */,
				999709AB5596034F74DF0A8B /* LGOperationListCallbackImpl.m in Sources */,
				1EF676C8AE987F55E05A37A0 /* LGEthereumPublicKeyProviderImpl.m in Sources */,
				E8D972102270DF59ED9FCB02 /* LGBlockCallbackImpl.m in Sources */,
				F91199B385E97CECB30AE0D4 /* LGStringListCallbackImpl.m in Sources */,
				27D09DD4E4A9F20870508826 /* LGPathResolverImpl.m in Sources */,
				3AEB38E32CA525A283B87CF9 /* LGThreadDispatcherImpl.m in Sources */,
				262D3D4AF40EE7B21BD07830 /* LGCurrencyListCallbackImpl.m in Sources */,
				DC8BE053EF4F0D1E8D02E309 /* LGExecutionContextImpl.m in Sources */,
				F7EFBE513E74CC607677CFC3 /* LGLockImpl.m in Sources */,
				4390B31CD0C6F7CCE526ECB3 /* LGHttpClientImpl.m in Sources */,
				B6B85F59516F8F8DA66439BC /* LGBitcoinLikeOutputListCallbackImpl.m in Sources */,
			);
			runOnlyForDeploymentPostprocessing = 0;
		};
/* End PBXSourcesBuildPhase section */

/* Begin XCBuildConfiguration section */
		E2A9BB433E69E3BA4E007B0D /* Default */ = {
			isa = XCBuildConfiguration;
			buildSettings = {
				INTERMEDIATE_DIR = "$(PROJECT_DERIVED_FILE_DIR)/$(CONFIGURATION)";
				SHARED_INTERMEDIATE_DIR = "$(SYMROOT)/DerivedSources/$(CONFIGURATION)";
			};
			name = Default;
		};
		FE8E78967D50DA082026D21B /* Default */ = {
			isa = XCBuildConfiguration;
			buildSettings = {
				CLANG_ENABLE_OBJC_ARC = YES;
				EXECUTABLE_PREFIX = lib;
				GCC_ENABLE_CPP_EXCEPTIONS = YES;
				HEADER_SEARCH_PATHS = (
					"../../../../lib-ledger-core-build/include/ledger/core",
					"../../djinni/support-lib/objc",
				);
				LIBRARY_SEARCH_PATHS = "/Users/elkhalilbellakrid/Desktop/Playground_04/lib-ledger-core/ledger-core-samples/react-native/../../../lib-ledger-core-build/core/src";
				OTHER_LDFLAGS = (
					"-framework IOKit",
					"-framework CoreFoundation",
				);
				PRODUCT_NAME = "ledger-core-objc";
				SDKROOT = iphoneos;
				SUPPORTED_PLATFORMS = "iphonesimulator iphoneos";
			};
			name = Default;
		};
/* End XCBuildConfiguration section */

/* Begin XCConfigurationList section */
		23D1460159DCBFE379DA10DC /* Build configuration list for PBXProject "ledger-core-objc" */ = {
			isa = XCConfigurationList;
			buildConfigurations = (
				E2A9BB433E69E3BA4E007B0D /* Default */,
			);
			defaultConfigurationIsVisible = 1;
			defaultConfigurationName = Default;
		};
		A8C874842FF29C19F1C924A6 /* Build configuration list for PBXNativeTarget "libledger-core-objc" */ = {
			isa = XCConfigurationList;
			buildConfigurations = (
				FE8E78967D50DA082026D21B /* Default */,
			);
			defaultConfigurationIsVisible = 1;
			defaultConfigurationName = Default;
		};
/* End XCConfigurationList section */
	};
	rootObject = 0D20056D65B96276B66B908A /* Project object */;
}
